// !$*UTF8*$!
{
	archiveVersion = 1;
	classes = {
	};
	objectVersion = 50;
	objects = {

/* Begin PBXBuildFile section */
		501BB90E244F56F9007797BA /* chest.mtl in Resources */ = {isa = PBXBuildFile; fileRef = 501BB90A244F56F8007797BA /* chest.mtl */; };
		501BB90F244F56F9007797BA /* chest.obj in Resources */ = {isa = PBXBuildFile; fileRef = 501BB90B244F56F8007797BA /* chest.obj */; };
		501BB910244F56F9007797BA /* Chest_Wood_Base_Color.png in Resources */ = {isa = PBXBuildFile; fileRef = 501BB90C244F56F9007797BA /* Chest_Wood_Base_Color.png */; };
		501BB911244F56F9007797BA /* Chest_Metal_Base_Color.png in Resources */ = {isa = PBXBuildFile; fileRef = 501BB90D244F56F9007797BA /* Chest_Metal_Base_Color.png */; };
		50215E1D23A7E42B00B0C166 /* Graphics.swift in Sources */ = {isa = PBXBuildFile; fileRef = 50215E1C23A7E42B00B0C166 /* Graphics.swift */; };
		50215E1F23A7E43B00B0C166 /* Entities.swift in Sources */ = {isa = PBXBuildFile; fileRef = 50215E1E23A7E43B00B0C166 /* Entities.swift */; };
		50215E2223A7E5A300B0C166 /* Library.swift in Sources */ = {isa = PBXBuildFile; fileRef = 50215E2123A7E5A300B0C166 /* Library.swift */; };
		50215E2B23A7F19400B0C166 /* Shared.metal in Sources */ = {isa = PBXBuildFile; fileRef = 50215E2A23A7F19400B0C166 /* Shared.metal */; };
		50215E2D23A7F1C400B0C166 /* BasicShaders.metal in Sources */ = {isa = PBXBuildFile; fileRef = 50215E2C23A7F1C400B0C166 /* BasicShaders.metal */; };
		50215E2F23A7F20700B0C166 /* InstancedShaders.metal in Sources */ = {isa = PBXBuildFile; fileRef = 50215E2E23A7F20700B0C166 /* InstancedShaders.metal */; };
		50215E3123A7F27500B0C166 /* GameTime.swift in Sources */ = {isa = PBXBuildFile; fileRef = 50215E3023A7F27500B0C166 /* GameTime.swift */; };
		50215E3323A7FB2900B0C166 /* Quad.swift in Sources */ = {isa = PBXBuildFile; fileRef = 50215E3223A7FB2900B0C166 /* Quad.swift */; };
		50215E3623A80B6800B0C166 /* PartyPirateParot.png in Resources */ = {isa = PBXBuildFile; fileRef = 50215E3523A80B6800B0C166 /* PartyPirateParot.png */; };
		50215E3823A80D0E00B0C166 /* TextureLibrary.swift in Sources */ = {isa = PBXBuildFile; fileRef = 50215E3723A80D0E00B0C166 /* TextureLibrary.swift */; };
		50215E3A23A8111800B0C166 /* SamplerStateLibrary.swift in Sources */ = {isa = PBXBuildFile; fileRef = 50215E3923A8111800B0C166 /* SamplerStateLibrary.swift */; };
		50215E4123A8250700B0C166 /* cruiser.obj in Resources */ = {isa = PBXBuildFile; fileRef = 50215E3E23A8250700B0C166 /* cruiser.obj */; };
		50215E4223A8250700B0C166 /* cruiser.bmp in Resources */ = {isa = PBXBuildFile; fileRef = 50215E3F23A8250700B0C166 /* cruiser.bmp */; };
		50215E4323A8250700B0C166 /* cruiser.mtl in Resources */ = {isa = PBXBuildFile; fileRef = 50215E4023A8250700B0C166 /* cruiser.mtl */; };
		50215E4523A82A0300B0C166 /* Cruiser.swift in Sources */ = {isa = PBXBuildFile; fileRef = 50215E4423A82A0300B0C166 /* Cruiser.swift */; };
		50215E4723A8325C00B0C166 /* LightObject.swift in Sources */ = {isa = PBXBuildFile; fileRef = 50215E4623A8325C00B0C166 /* LightObject.swift */; };
		50215E4923A8337200B0C166 /* LightManager.swift in Sources */ = {isa = PBXBuildFile; fileRef = 50215E4823A8337200B0C166 /* LightManager.swift */; };
		50215E4B23A8355B00B0C166 /* Sun.swift in Sources */ = {isa = PBXBuildFile; fileRef = 50215E4A23A8355B00B0C166 /* Sun.swift */; };
		50215E4D23A8365900B0C166 /* sphere.obj in Resources */ = {isa = PBXBuildFile; fileRef = 50215E4C23A8365900B0C166 /* sphere.obj */; };
		5037718B244E423900DE5076 /* TheSuzannes.mtl in Resources */ = {isa = PBXBuildFile; fileRef = 50377189244E423900DE5076 /* TheSuzannes.mtl */; };
		5037718C244E423900DE5076 /* TheSuzannes.obj in Resources */ = {isa = PBXBuildFile; fileRef = 5037718A244E423900DE5076 /* TheSuzannes.obj */; };
		5037718F244E426C00DE5076 /* TheSuzannes.swift in Sources */ = {isa = PBXBuildFile; fileRef = 5037718E244E426C00DE5076 /* TheSuzannes.swift */; };
		50377194244E5D4A00DE5076 /* Chest.swift in Sources */ = {isa = PBXBuildFile; fileRef = 50377193244E5D4A00DE5076 /* Chest.swift */; };
		503B90DC23AF9C4800F30DBE /* ShaderLibrary.swift in Sources */ = {isa = PBXBuildFile; fileRef = 503B90DB23AF9C4800F30DBE /* ShaderLibrary.swift */; };
		503B90DE23AFCA7600F30DBE /* Lighting.metal in Sources */ = {isa = PBXBuildFile; fileRef = 503B90DD23AFCA7600F30DBE /* Lighting.metal */; };
		504D89F324A664F2002F9BFE /* normal_example.png in Resources */ = {isa = PBXBuildFile; fileRef = 504D89F024A664F2002F9BFE /* normal_example.png */; };
		504D89F424A664F2002F9BFE /* quad.obj in Resources */ = {isa = PBXBuildFile; fileRef = 504D89F124A664F2002F9BFE /* quad.obj */; };
		504D89F524A664F2002F9BFE /* quad.mtl in Resources */ = {isa = PBXBuildFile; fileRef = 504D89F224A664F2002F9BFE /* quad.mtl */; };
		504D89F824A664FB002F9BFE /* metal_plate_diff.png in Resources */ = {isa = PBXBuildFile; fileRef = 504D89F624A664FB002F9BFE /* metal_plate_diff.png */; };
		504D89F924A664FB002F9BFE /* metal_plate_nor.png in Resources */ = {isa = PBXBuildFile; fileRef = 504D89F724A664FB002F9BFE /* metal_plate_nor.png */; };
		505D1A3323A2F4E800813A05 /* AppDelegate.swift in Sources */ = {isa = PBXBuildFile; fileRef = 505D1A3223A2F4E800813A05 /* AppDelegate.swift */; };
		505D1A3723A2F4EA00813A05 /* Assets.xcassets in Resources */ = {isa = PBXBuildFile; fileRef = 505D1A3623A2F4EA00813A05 /* Assets.xcassets */; };
		505D1A3A23A2F4EA00813A05 /* Main.storyboard in Resources */ = {isa = PBXBuildFile; fileRef = 505D1A3823A2F4EA00813A05 /* Main.storyboard */; };
		505D1A4623A2F4EB00813A05 /* Game_EngineTests.swift in Sources */ = {isa = PBXBuildFile; fileRef = 505D1A4523A2F4EB00813A05 /* Game_EngineTests.swift */; };
		505D1A5123A2F4EB00813A05 /* Game_EngineUITests.swift in Sources */ = {isa = PBXBuildFile; fileRef = 505D1A5023A2F4EB00813A05 /* Game_EngineUITests.swift */; };
		505D1A6023A2FCCF00813A05 /* GameView.swift in Sources */ = {isa = PBXBuildFile; fileRef = 505D1A5F23A2FCCF00813A05 /* GameView.swift */; };
		505D1A6423A313B100813A05 /* MetalTypes.swift in Sources */ = {isa = PBXBuildFile; fileRef = 505D1A6323A313B100813A05 /* MetalTypes.swift */; };
		505D1A6A23A382D200813A05 /* Engine.swift in Sources */ = {isa = PBXBuildFile; fileRef = 505D1A6923A382D200813A05 /* Engine.swift */; };
		505D1A6C23A3842C00813A05 /* Preferences.swift in Sources */ = {isa = PBXBuildFile; fileRef = 505D1A6B23A3842C00813A05 /* Preferences.swift */; };
		5067174A23A6C8A500C31239 /* Keyboard.swift in Sources */ = {isa = PBXBuildFile; fileRef = 5067174923A6C8A500C31239 /* Keyboard.swift */; };
		5067174C23A6C9BE00C31239 /* Keycodes.swift in Sources */ = {isa = PBXBuildFile; fileRef = 5067174B23A6C9BE00C31239 /* Keycodes.swift */; };
		5067174E23A6CC5700C31239 /* Mouse.swift in Sources */ = {isa = PBXBuildFile; fileRef = 5067174D23A6CC5700C31239 /* Mouse.swift */; };
		50A4646523A704D7000D562D /* Camera.swift in Sources */ = {isa = PBXBuildFile; fileRef = 50A4646423A704D7000D562D /* Camera.swift */; };
		50A4646723A705B9000D562D /* DebugCamera.swift in Sources */ = {isa = PBXBuildFile; fileRef = 50A4646623A705B9000D562D /* DebugCamera.swift */; };
		50A4646923A707F5000D562D /* CameraManager.swift in Sources */ = {isa = PBXBuildFile; fileRef = 50A4646823A707F5000D562D /* CameraManager.swift */; };
		50A4646B23A710F7000D562D /* Cube.swift in Sources */ = {isa = PBXBuildFile; fileRef = 50A4646A23A710F7000D562D /* Cube.swift */; };
		50A4646D23A712D4000D562D /* DepthStencilStateLibrary.swift in Sources */ = {isa = PBXBuildFile; fileRef = 50A4646C23A712D4000D562D /* DepthStencilStateLibrary.swift */; };
		50A4647023A7B876000D562D /* ColourUtil.swift in Sources */ = {isa = PBXBuildFile; fileRef = 50A4646F23A7B876000D562D /* ColourUtil.swift */; };
		50A4647223A7BF00000D562D /* InstancedGameObject.swift in Sources */ = {isa = PBXBuildFile; fileRef = 50A4647123A7BF00000D562D /* InstancedGameObject.swift */; };
		50A4647423A7C598000D562D /* CubeCollection.swift in Sources */ = {isa = PBXBuildFile; fileRef = 50A4647323A7C598000D562D /* CubeCollection.swift */; };
		50BC8EB323A53FA6003544A5 /* VertexDescriptorLibrary.swift in Sources */ = {isa = PBXBuildFile; fileRef = 50BC8EB223A53FA6003544A5 /* VertexDescriptorLibrary.swift */; };
		50BC8EB723A545BF003544A5 /* RenderPipelineStateLibrary.swift in Sources */ = {isa = PBXBuildFile; fileRef = 50BC8EB623A545BF003544A5 /* RenderPipelineStateLibrary.swift */; };
		50BC8EBA23A669A8003544A5 /* GameObject.swift in Sources */ = {isa = PBXBuildFile; fileRef = 50BC8EB923A669A8003544A5 /* GameObject.swift */; };
		50BC8EBC23A66B60003544A5 /* Renderer.swift in Sources */ = {isa = PBXBuildFile; fileRef = 50BC8EBB23A66B60003544A5 /* Renderer.swift */; };
		50BC8EBE23A670ED003544A5 /* MeshLibrary.swift in Sources */ = {isa = PBXBuildFile; fileRef = 50BC8EBD23A670ED003544A5 /* MeshLibrary.swift */; };
		50BC8EC023A67479003544A5 /* Pointer.swift in Sources */ = {isa = PBXBuildFile; fileRef = 50BC8EBF23A67479003544A5 /* Pointer.swift */; };
		50BC8EC223A67591003544A5 /* Node.swift in Sources */ = {isa = PBXBuildFile; fileRef = 50BC8EC123A67591003544A5 /* Node.swift */; };
		50BC8EC523A6771B003544A5 /* Renderable.swift in Sources */ = {isa = PBXBuildFile; fileRef = 50BC8EC423A6771B003544A5 /* Renderable.swift */; };
		50BC8EC923A6AAF9003544A5 /* Maths.swift in Sources */ = {isa = PBXBuildFile; fileRef = 50BC8EC823A6AAF9003544A5 /* Maths.swift */; };
		50BC8ECC23A6B5D6003544A5 /* Scene.swift in Sources */ = {isa = PBXBuildFile; fileRef = 50BC8ECB23A6B5D6003544A5 /* Scene.swift */; };
		50BC8ECE23A6BBCF003544A5 /* SandboxScene.swift in Sources */ = {isa = PBXBuildFile; fileRef = 50BC8ECD23A6BBCF003544A5 /* SandboxScene.swift */; };
		50BC8ED123A6BD65003544A5 /* SceneManager.swift in Sources */ = {isa = PBXBuildFile; fileRef = 50BC8ED023A6BD65003544A5 /* SceneManager.swift */; };
/* End PBXBuildFile section */

/* Begin PBXContainerItemProxy section */
		505D1A4223A2F4EB00813A05 /* PBXContainerItemProxy */ = {
			isa = PBXContainerItemProxy;
			containerPortal = 505D1A2723A2F4E800813A05 /* Project object */;
			proxyType = 1;
			remoteGlobalIDString = 505D1A2E23A2F4E800813A05;
			remoteInfo = "Game Engine";
		};
		505D1A4D23A2F4EB00813A05 /* PBXContainerItemProxy */ = {
			isa = PBXContainerItemProxy;
			containerPortal = 505D1A2723A2F4E800813A05 /* Project object */;
			proxyType = 1;
			remoteGlobalIDString = 505D1A2E23A2F4E800813A05;
			remoteInfo = "Game Engine";
		};
/* End PBXContainerItemProxy section */

/* Begin PBXFileReference section */
		501BB90A244F56F8007797BA /* chest.mtl */ = {isa = PBXFileReference; fileEncoding = 4; lastKnownFileType = text; path = chest.mtl; sourceTree = "<group>"; };
		501BB90B244F56F8007797BA /* chest.obj */ = {isa = PBXFileReference; fileEncoding = 4; lastKnownFileType = text; path = chest.obj; sourceTree = "<group>"; };
		501BB90C244F56F9007797BA /* Chest_Wood_Base_Color.png */ = {isa = PBXFileReference; lastKnownFileType = image.png; path = Chest_Wood_Base_Color.png; sourceTree = "<group>"; };
		501BB90D244F56F9007797BA /* Chest_Metal_Base_Color.png */ = {isa = PBXFileReference; lastKnownFileType = image.png; path = Chest_Metal_Base_Color.png; sourceTree = "<group>"; };
		50215E1C23A7E42B00B0C166 /* Graphics.swift */ = {isa = PBXFileReference; lastKnownFileType = sourcecode.swift; path = Graphics.swift; sourceTree = "<group>"; };
		50215E1E23A7E43B00B0C166 /* Entities.swift */ = {isa = PBXFileReference; lastKnownFileType = sourcecode.swift; path = Entities.swift; sourceTree = "<group>"; };
		50215E2123A7E5A300B0C166 /* Library.swift */ = {isa = PBXFileReference; lastKnownFileType = sourcecode.swift; path = Library.swift; sourceTree = "<group>"; };
		50215E2A23A7F19400B0C166 /* Shared.metal */ = {isa = PBXFileReference; lastKnownFileType = sourcecode.metal; path = Shared.metal; sourceTree = "<group>"; };
		50215E2C23A7F1C400B0C166 /* BasicShaders.metal */ = {isa = PBXFileReference; lastKnownFileType = sourcecode.metal; path = BasicShaders.metal; sourceTree = "<group>"; };
		50215E2E23A7F20700B0C166 /* InstancedShaders.metal */ = {isa = PBXFileReference; lastKnownFileType = sourcecode.metal; path = InstancedShaders.metal; sourceTree = "<group>"; };
		50215E3023A7F27500B0C166 /* GameTime.swift */ = {isa = PBXFileReference; lastKnownFileType = sourcecode.swift; path = GameTime.swift; sourceTree = "<group>"; };
		50215E3223A7FB2900B0C166 /* Quad.swift */ = {isa = PBXFileReference; lastKnownFileType = sourcecode.swift; path = Quad.swift; sourceTree = "<group>"; };
		50215E3523A80B6800B0C166 /* PartyPirateParot.png */ = {isa = PBXFileReference; lastKnownFileType = image.png; path = PartyPirateParot.png; sourceTree = "<group>"; };
		50215E3723A80D0E00B0C166 /* TextureLibrary.swift */ = {isa = PBXFileReference; lastKnownFileType = sourcecode.swift; path = TextureLibrary.swift; sourceTree = "<group>"; };
		50215E3923A8111800B0C166 /* SamplerStateLibrary.swift */ = {isa = PBXFileReference; lastKnownFileType = sourcecode.swift; path = SamplerStateLibrary.swift; sourceTree = "<group>"; };
		50215E3E23A8250700B0C166 /* cruiser.obj */ = {isa = PBXFileReference; fileEncoding = 4; lastKnownFileType = text; path = cruiser.obj; sourceTree = "<group>"; };
		50215E3F23A8250700B0C166 /* cruiser.bmp */ = {isa = PBXFileReference; lastKnownFileType = image.bmp; path = cruiser.bmp; sourceTree = "<group>"; };
		50215E4023A8250700B0C166 /* cruiser.mtl */ = {isa = PBXFileReference; fileEncoding = 4; lastKnownFileType = text; path = cruiser.mtl; sourceTree = "<group>"; };
		50215E4423A82A0300B0C166 /* Cruiser.swift */ = {isa = PBXFileReference; lastKnownFileType = sourcecode.swift; path = Cruiser.swift; sourceTree = "<group>"; };
		50215E4623A8325C00B0C166 /* LightObject.swift */ = {isa = PBXFileReference; lastKnownFileType = sourcecode.swift; path = LightObject.swift; sourceTree = "<group>"; };
		50215E4823A8337200B0C166 /* LightManager.swift */ = {isa = PBXFileReference; lastKnownFileType = sourcecode.swift; path = LightManager.swift; sourceTree = "<group>"; };
		50215E4A23A8355B00B0C166 /* Sun.swift */ = {isa = PBXFileReference; lastKnownFileType = sourcecode.swift; path = Sun.swift; sourceTree = "<group>"; };
		50215E4C23A8365900B0C166 /* sphere.obj */ = {isa = PBXFileReference; fileEncoding = 4; lastKnownFileType = text; path = sphere.obj; sourceTree = "<group>"; };
		50377189244E423900DE5076 /* TheSuzannes.mtl */ = {isa = PBXFileReference; fileEncoding = 4; lastKnownFileType = text; path = TheSuzannes.mtl; sourceTree = "<group>"; };
		5037718A244E423900DE5076 /* TheSuzannes.obj */ = {isa = PBXFileReference; fileEncoding = 4; lastKnownFileType = text; path = TheSuzannes.obj; sourceTree = "<group>"; };
		5037718E244E426C00DE5076 /* TheSuzannes.swift */ = {isa = PBXFileReference; lastKnownFileType = sourcecode.swift; path = TheSuzannes.swift; sourceTree = "<group>"; };
		50377193244E5D4A00DE5076 /* Chest.swift */ = {isa = PBXFileReference; lastKnownFileType = sourcecode.swift; path = Chest.swift; sourceTree = "<group>"; };
		503B90DB23AF9C4800F30DBE /* ShaderLibrary.swift */ = {isa = PBXFileReference; lastKnownFileType = sourcecode.swift; path = ShaderLibrary.swift; sourceTree = "<group>"; };
		503B90DD23AFCA7600F30DBE /* Lighting.metal */ = {isa = PBXFileReference; lastKnownFileType = sourcecode.metal; path = Lighting.metal; sourceTree = "<group>"; };
		504D89F024A664F2002F9BFE /* normal_example.png */ = {isa = PBXFileReference; lastKnownFileType = image.png; path = normal_example.png; sourceTree = "<group>"; };
		504D89F124A664F2002F9BFE /* quad.obj */ = {isa = PBXFileReference; fileEncoding = 4; lastKnownFileType = text; path = quad.obj; sourceTree = "<group>"; };
		504D89F224A664F2002F9BFE /* quad.mtl */ = {isa = PBXFileReference; fileEncoding = 4; lastKnownFileType = text; path = quad.mtl; sourceTree = "<group>"; };
		504D89F624A664FB002F9BFE /* metal_plate_diff.png */ = {isa = PBXFileReference; lastKnownFileType = image.png; path = metal_plate_diff.png; sourceTree = "<group>"; };
		504D89F724A664FB002F9BFE /* metal_plate_nor.png */ = {isa = PBXFileReference; lastKnownFileType = image.png; path = metal_plate_nor.png; sourceTree = "<group>"; };
		505D1A2F23A2F4E800813A05 /* Game Engine.app */ = {isa = PBXFileReference; explicitFileType = wrapper.application; includeInIndex = 0; path = "Game Engine.app"; sourceTree = BUILT_PRODUCTS_DIR; };
		505D1A3223A2F4E800813A05 /* AppDelegate.swift */ = {isa = PBXFileReference; lastKnownFileType = sourcecode.swift; path = AppDelegate.swift; sourceTree = "<group>"; };
		505D1A3623A2F4EA00813A05 /* Assets.xcassets */ = {isa = PBXFileReference; lastKnownFileType = folder.assetcatalog; path = Assets.xcassets; sourceTree = "<group>"; };
		505D1A3923A2F4EA00813A05 /* Base */ = {isa = PBXFileReference; lastKnownFileType = file.storyboard; name = Base; path = Base.lproj/Main.storyboard; sourceTree = "<group>"; };
		505D1A3B23A2F4EA00813A05 /* Info.plist */ = {isa = PBXFileReference; lastKnownFileType = text.plist.xml; path = Info.plist; sourceTree = "<group>"; };
		505D1A3C23A2F4EA00813A05 /* Game_Engine.entitlements */ = {isa = PBXFileReference; lastKnownFileType = text.plist.entitlements; path = Game_Engine.entitlements; sourceTree = "<group>"; };
		505D1A4123A2F4EB00813A05 /* Game EngineTests.xctest */ = {isa = PBXFileReference; explicitFileType = wrapper.cfbundle; includeInIndex = 0; path = "Game EngineTests.xctest"; sourceTree = BUILT_PRODUCTS_DIR; };
		505D1A4523A2F4EB00813A05 /* Game_EngineTests.swift */ = {isa = PBXFileReference; lastKnownFileType = sourcecode.swift; path = Game_EngineTests.swift; sourceTree = "<group>"; };
		505D1A4723A2F4EB00813A05 /* Info.plist */ = {isa = PBXFileReference; lastKnownFileType = text.plist.xml; path = Info.plist; sourceTree = "<group>"; };
		505D1A4C23A2F4EB00813A05 /* Game EngineUITests.xctest */ = {isa = PBXFileReference; explicitFileType = wrapper.cfbundle; includeInIndex = 0; path = "Game EngineUITests.xctest"; sourceTree = BUILT_PRODUCTS_DIR; };
		505D1A5023A2F4EB00813A05 /* Game_EngineUITests.swift */ = {isa = PBXFileReference; lastKnownFileType = sourcecode.swift; path = Game_EngineUITests.swift; sourceTree = "<group>"; };
		505D1A5223A2F4EB00813A05 /* Info.plist */ = {isa = PBXFileReference; lastKnownFileType = text.plist.xml; path = Info.plist; sourceTree = "<group>"; };
		505D1A5F23A2FCCF00813A05 /* GameView.swift */ = {isa = PBXFileReference; lastKnownFileType = sourcecode.swift; path = GameView.swift; sourceTree = "<group>"; };
		505D1A6323A313B100813A05 /* MetalTypes.swift */ = {isa = PBXFileReference; lastKnownFileType = sourcecode.swift; path = MetalTypes.swift; sourceTree = "<group>"; };
		505D1A6923A382D200813A05 /* Engine.swift */ = {isa = PBXFileReference; lastKnownFileType = sourcecode.swift; path = Engine.swift; sourceTree = "<group>"; };
		505D1A6B23A3842C00813A05 /* Preferences.swift */ = {isa = PBXFileReference; lastKnownFileType = sourcecode.swift; path = Preferences.swift; sourceTree = "<group>"; };
		5067174923A6C8A500C31239 /* Keyboard.swift */ = {isa = PBXFileReference; lastKnownFileType = sourcecode.swift; path = Keyboard.swift; sourceTree = "<group>"; };
		5067174B23A6C9BE00C31239 /* Keycodes.swift */ = {isa = PBXFileReference; lastKnownFileType = sourcecode.swift; path = Keycodes.swift; sourceTree = "<group>"; };
		5067174D23A6CC5700C31239 /* Mouse.swift */ = {isa = PBXFileReference; lastKnownFileType = sourcecode.swift; path = Mouse.swift; sourceTree = "<group>"; };
		50A4646423A704D7000D562D /* Camera.swift */ = {isa = PBXFileReference; lastKnownFileType = sourcecode.swift; path = Camera.swift; sourceTree = "<group>"; };
		50A4646623A705B9000D562D /* DebugCamera.swift */ = {isa = PBXFileReference; lastKnownFileType = sourcecode.swift; path = DebugCamera.swift; sourceTree = "<group>"; };
		50A4646823A707F5000D562D /* CameraManager.swift */ = {isa = PBXFileReference; lastKnownFileType = sourcecode.swift; path = CameraManager.swift; sourceTree = "<group>"; };
		50A4646A23A710F7000D562D /* Cube.swift */ = {isa = PBXFileReference; lastKnownFileType = sourcecode.swift; path = Cube.swift; sourceTree = "<group>"; };
		50A4646C23A712D4000D562D /* DepthStencilStateLibrary.swift */ = {isa = PBXFileReference; lastKnownFileType = sourcecode.swift; path = DepthStencilStateLibrary.swift; sourceTree = "<group>"; };
		50A4646F23A7B876000D562D /* ColourUtil.swift */ = {isa = PBXFileReference; lastKnownFileType = sourcecode.swift; path = ColourUtil.swift; sourceTree = "<group>"; };
		50A4647123A7BF00000D562D /* InstancedGameObject.swift */ = {isa = PBXFileReference; lastKnownFileType = sourcecode.swift; path = InstancedGameObject.swift; sourceTree = "<group>"; };
		50A4647323A7C598000D562D /* CubeCollection.swift */ = {isa = PBXFileReference; lastKnownFileType = sourcecode.swift; path = CubeCollection.swift; sourceTree = "<group>"; };
		50BC8EB223A53FA6003544A5 /* VertexDescriptorLibrary.swift */ = {isa = PBXFileReference; lastKnownFileType = sourcecode.swift; path = VertexDescriptorLibrary.swift; sourceTree = "<group>"; };
		50BC8EB623A545BF003544A5 /* RenderPipelineStateLibrary.swift */ = {isa = PBXFileReference; lastKnownFileType = sourcecode.swift; path = RenderPipelineStateLibrary.swift; sourceTree = "<group>"; };
		50BC8EB923A669A8003544A5 /* GameObject.swift */ = {isa = PBXFileReference; lastKnownFileType = sourcecode.swift; path = GameObject.swift; sourceTree = "<group>"; };
		50BC8EBB23A66B60003544A5 /* Renderer.swift */ = {isa = PBXFileReference; lastKnownFileType = sourcecode.swift; path = Renderer.swift; sourceTree = "<group>"; };
		50BC8EBD23A670ED003544A5 /* MeshLibrary.swift */ = {isa = PBXFileReference; lastKnownFileType = sourcecode.swift; path = MeshLibrary.swift; sourceTree = "<group>"; };
		50BC8EBF23A67479003544A5 /* Pointer.swift */ = {isa = PBXFileReference; lastKnownFileType = sourcecode.swift; path = Pointer.swift; sourceTree = "<group>"; };
		50BC8EC123A67591003544A5 /* Node.swift */ = {isa = PBXFileReference; lastKnownFileType = sourcecode.swift; path = Node.swift; sourceTree = "<group>"; };
		50BC8EC423A6771B003544A5 /* Renderable.swift */ = {isa = PBXFileReference; lastKnownFileType = sourcecode.swift; path = Renderable.swift; sourceTree = "<group>"; };
		50BC8EC823A6AAF9003544A5 /* Maths.swift */ = {isa = PBXFileReference; lastKnownFileType = sourcecode.swift; path = Maths.swift; sourceTree = "<group>"; };
		50BC8ECB23A6B5D6003544A5 /* Scene.swift */ = {isa = PBXFileReference; lastKnownFileType = sourcecode.swift; path = Scene.swift; sourceTree = "<group>"; };
		50BC8ECD23A6BBCF003544A5 /* SandboxScene.swift */ = {isa = PBXFileReference; lastKnownFileType = sourcecode.swift; path = SandboxScene.swift; sourceTree = "<group>"; };
		50BC8ED023A6BD65003544A5 /* SceneManager.swift */ = {isa = PBXFileReference; lastKnownFileType = sourcecode.swift; path = SceneManager.swift; sourceTree = "<group>"; };
/* End PBXFileReference section */

/* Begin PBXFrameworksBuildPhase section */
		505D1A2C23A2F4E800813A05 /* Frameworks */ = {
			isa = PBXFrameworksBuildPhase;
			buildActionMask = 2147483647;
			files = (
			);
			runOnlyForDeploymentPostprocessing = 0;
		};
		505D1A3E23A2F4EB00813A05 /* Frameworks */ = {
			isa = PBXFrameworksBuildPhase;
			buildActionMask = 2147483647;
			files = (
			);
			runOnlyForDeploymentPostprocessing = 0;
		};
		505D1A4923A2F4EB00813A05 /* Frameworks */ = {
			isa = PBXFrameworksBuildPhase;
			buildActionMask = 2147483647;
			files = (
			);
			runOnlyForDeploymentPostprocessing = 0;
		};
/* End PBXFrameworksBuildPhase section */

/* Begin PBXGroup section */
		50215E1823A7E38B00B0C166 /* Graphics */ = {
			isa = PBXGroup;
			children = (
				50215E1C23A7E42B00B0C166 /* Graphics.swift */,
				50215E1B23A7E3F300B0C166 /* Libraries */,
				50215E2923A7F16C00B0C166 /* Shaders */,
			);
			path = Graphics;
			sourceTree = "<group>";
		};
		50215E1923A7E39600B0C166 /* Entities */ = {
			isa = PBXGroup;
			children = (
				50215E1E23A7E43B00B0C166 /* Entities.swift */,
				50215E1A23A7E3E900B0C166 /* Libraries */,
			);
			path = Entities;
			sourceTree = "<group>";
		};
		50215E1A23A7E3E900B0C166 /* Libraries */ = {
			isa = PBXGroup;
			children = (
				50BC8EBD23A670ED003544A5 /* MeshLibrary.swift */,
				50215E3723A80D0E00B0C166 /* TextureLibrary.swift */,
			);
			path = Libraries;
			sourceTree = "<group>";
		};
		50215E1B23A7E3F300B0C166 /* Libraries */ = {
			isa = PBXGroup;
			children = (
				503B90DB23AF9C4800F30DBE /* ShaderLibrary.swift */,
				50BC8EB223A53FA6003544A5 /* VertexDescriptorLibrary.swift */,
				50BC8EB623A545BF003544A5 /* RenderPipelineStateLibrary.swift */,
				50A4646C23A712D4000D562D /* DepthStencilStateLibrary.swift */,
				50215E3923A8111800B0C166 /* SamplerStateLibrary.swift */,
			);
			path = Libraries;
			sourceTree = "<group>";
		};
		50215E2023A7E55300B0C166 /* Types */ = {
			isa = PBXGroup;
			children = (
				505D1A6323A313B100813A05 /* MetalTypes.swift */,
				50215E2123A7E5A300B0C166 /* Library.swift */,
			);
			path = Types;
			sourceTree = "<group>";
		};
		50215E2923A7F16C00B0C166 /* Shaders */ = {
			isa = PBXGroup;
			children = (
				50215E2A23A7F19400B0C166 /* Shared.metal */,
				50215E2C23A7F1C400B0C166 /* BasicShaders.metal */,
				50215E2E23A7F20700B0C166 /* InstancedShaders.metal */,
				503B90DD23AFCA7600F30DBE /* Lighting.metal */,
			);
			path = Shaders;
			sourceTree = "<group>";
		};
		50215E3423A80B2100B0C166 /* Res */ = {
			isa = PBXGroup;
			children = (
				504D89FB24A6650D002F9BFE /* quad */,
				504D89FA24A66501002F9BFE /* metal_plate */,
				50377190244E5BE200DE5076 /* chest */,
				5037718D244E424D00DE5076 /* suzannes */,
				50215E4C23A8365900B0C166 /* sphere.obj */,
				50215E3D23A824F200B0C166 /* cruiser */,
				50215E3523A80B6800B0C166 /* PartyPirateParot.png */,
			);
			path = Res;
			sourceTree = "<group>";
		};
		50215E3D23A824F200B0C166 /* cruiser */ = {
			isa = PBXGroup;
			children = (
				50215E3F23A8250700B0C166 /* cruiser.bmp */,
				50215E4023A8250700B0C166 /* cruiser.mtl */,
				50215E3E23A8250700B0C166 /* cruiser.obj */,
			);
			path = cruiser;
			sourceTree = "<group>";
		};
		5037718D244E424D00DE5076 /* suzannes */ = {
			isa = PBXGroup;
			children = (
				5037718A244E423900DE5076 /* TheSuzannes.obj */,
				50377189244E423900DE5076 /* TheSuzannes.mtl */,
			);
			path = suzannes;
			sourceTree = "<group>";
		};
		50377190244E5BE200DE5076 /* chest */ = {
			isa = PBXGroup;
			children = (
				501BB90D244F56F9007797BA /* Chest_Metal_Base_Color.png */,
				501BB90C244F56F9007797BA /* Chest_Wood_Base_Color.png */,
				501BB90A244F56F8007797BA /* chest.mtl */,
				501BB90B244F56F8007797BA /* chest.obj */,
			);
			path = chest;
			sourceTree = "<group>";
		};
		504D89FA24A66501002F9BFE /* metal_plate */ = {
			isa = PBXGroup;
			children = (
				504D89F624A664FB002F9BFE /* metal_plate_diff.png */,
				504D89F724A664FB002F9BFE /* metal_plate_nor.png */,
			);
			path = metal_plate;
			sourceTree = "<group>";
		};
		504D89FB24A6650D002F9BFE /* quad */ = {
			isa = PBXGroup;
			children = (
				504D89F024A664F2002F9BFE /* normal_example.png */,
				504D89F224A664F2002F9BFE /* quad.mtl */,
				504D89F124A664F2002F9BFE /* quad.obj */,
			);
			path = quad;
			sourceTree = "<group>";
		};
		505D1A2623A2F4E800813A05 = {
			isa = PBXGroup;
			children = (
				505D1A3123A2F4E800813A05 /* Game Engine */,
				505D1A4423A2F4EB00813A05 /* Game EngineTests */,
				505D1A4F23A2F4EB00813A05 /* Game EngineUITests */,
				505D1A3023A2F4E800813A05 /* Products */,
			);
			sourceTree = "<group>";
		};
		505D1A3023A2F4E800813A05 /* Products */ = {
			isa = PBXGroup;
			children = (
				505D1A2F23A2F4E800813A05 /* Game Engine.app */,
				505D1A4123A2F4EB00813A05 /* Game EngineTests.xctest */,
				505D1A4C23A2F4EB00813A05 /* Game EngineUITests.xctest */,
			);
			name = Products;
			sourceTree = "<group>";
		};
		505D1A3123A2F4E800813A05 /* Game Engine */ = {
			isa = PBXGroup;
			children = (
				505D1A6523A3819700813A05 /* Core */,
				50215E1923A7E39600B0C166 /* Entities */,
				50215E1823A7E38B00B0C166 /* Graphics */,
				50BC8ECF23A6BD55003544A5 /* Managers */,
				50BC8EB823A66979003544A5 /* GameShiz */,
				505D1A6823A381B600813A05 /* Display */,
				505D1A5E23A2FA2C00813A05 /* Other Files */,
			);
			path = "Game Engine";
			sourceTree = "<group>";
		};
		505D1A4423A2F4EB00813A05 /* Game EngineTests */ = {
			isa = PBXGroup;
			children = (
				505D1A4523A2F4EB00813A05 /* Game_EngineTests.swift */,
				505D1A4723A2F4EB00813A05 /* Info.plist */,
			);
			path = "Game EngineTests";
			sourceTree = "<group>";
		};
		505D1A4F23A2F4EB00813A05 /* Game EngineUITests */ = {
			isa = PBXGroup;
			children = (
				505D1A5023A2F4EB00813A05 /* Game_EngineUITests.swift */,
				505D1A5223A2F4EB00813A05 /* Info.plist */,
			);
			path = "Game EngineUITests";
			sourceTree = "<group>";
		};
		505D1A5E23A2FA2C00813A05 /* Other Files */ = {
			isa = PBXGroup;
			children = (
				505D1A3223A2F4E800813A05 /* AppDelegate.swift */,
				505D1A3623A2F4EA00813A05 /* Assets.xcassets */,
				505D1A3B23A2F4EA00813A05 /* Info.plist */,
				505D1A3C23A2F4EA00813A05 /* Game_Engine.entitlements */,
			);
			path = "Other Files";
			sourceTree = "<group>";
		};
		505D1A6523A3819700813A05 /* Core */ = {
			isa = PBXGroup;
			children = (
				505D1A6923A382D200813A05 /* Engine.swift */,
				50215E3023A7F27500B0C166 /* GameTime.swift */,
				505D1A6B23A3842C00813A05 /* Preferences.swift */,
				50215E2023A7E55300B0C166 /* Types */,
				5067174823A6C89500C31239 /* Input */,
				50BC8EC723A6AAE7003544A5 /* Maths */,
				50A4646E23A7B860000D562D /* Utils */,
				50215E3423A80B2100B0C166 /* Res */,
			);
			path = Core;
			sourceTree = "<group>";
		};
		505D1A6823A381B600813A05 /* Display */ = {
			isa = PBXGroup;
			children = (
				505D1A3823A2F4EA00813A05 /* Main.storyboard */,
				505D1A5F23A2FCCF00813A05 /* GameView.swift */,
				50BC8EBB23A66B60003544A5 /* Renderer.swift */,
			);
			path = Display;
			sourceTree = "<group>";
		};
		5067174823A6C89500C31239 /* Input */ = {
			isa = PBXGroup;
			children = (
				5067174923A6C8A500C31239 /* Keyboard.swift */,
				5067174B23A6C9BE00C31239 /* Keycodes.swift */,
				5067174D23A6CC5700C31239 /* Mouse.swift */,
			);
			path = Input;
			sourceTree = "<group>";
		};
		50A4646323A704C1000D562D /* Cameras */ = {
			isa = PBXGroup;
			children = (
				50A4646423A704D7000D562D /* Camera.swift */,
				50A4646623A705B9000D562D /* DebugCamera.swift */,
			);
			path = Cameras;
			sourceTree = "<group>";
		};
		50A4646E23A7B860000D562D /* Utils */ = {
			isa = PBXGroup;
			children = (
				50A4646F23A7B876000D562D /* ColourUtil.swift */,
			);
			path = Utils;
			sourceTree = "<group>";
		};
		50BC8EB823A66979003544A5 /* GameShiz */ = {
			isa = PBXGroup;
			children = (
				50BC8EC123A67591003544A5 /* Node.swift */,
				50BC8ECA23A6B5C7003544A5 /* Scenes */,
				50BC8EC623A6784E003544A5 /* GameObjects */,
				50A4646323A704C1000D562D /* Cameras */,
				50BC8EC323A676FF003544A5 /* Protocols */,
			);
			path = GameShiz;
			sourceTree = "<group>";
		};
		50BC8EC323A676FF003544A5 /* Protocols */ = {
			isa = PBXGroup;
			children = (
				50BC8EC423A6771B003544A5 /* Renderable.swift */,
			);
			path = Protocols;
			sourceTree = "<group>";
		};
		50BC8EC623A6784E003544A5 /* GameObjects */ = {
			isa = PBXGroup;
			children = (
				50BC8EB923A669A8003544A5 /* GameObject.swift */,
				50A4647123A7BF00000D562D /* InstancedGameObject.swift */,
				50BC8EBF23A67479003544A5 /* Pointer.swift */,
				50A4646A23A710F7000D562D /* Cube.swift */,
				50A4647323A7C598000D562D /* CubeCollection.swift */,
				50215E3223A7FB2900B0C166 /* Quad.swift */,
				50215E4423A82A0300B0C166 /* Cruiser.swift */,
				50215E4623A8325C00B0C166 /* LightObject.swift */,
				50215E4A23A8355B00B0C166 /* Sun.swift */,
				5037718E244E426C00DE5076 /* TheSuzannes.swift */,
				50377193244E5D4A00DE5076 /* Chest.swift */,
			);
			path = GameObjects;
			sourceTree = "<group>";
		};
		50BC8EC723A6AAE7003544A5 /* Maths */ = {
			isa = PBXGroup;
			children = (
				50BC8EC823A6AAF9003544A5 /* Maths.swift */,
			);
			path = Maths;
			sourceTree = "<group>";
		};
		50BC8ECA23A6B5C7003544A5 /* Scenes */ = {
			isa = PBXGroup;
			children = (
				50BC8ECB23A6B5D6003544A5 /* Scene.swift */,
				50BC8ECD23A6BBCF003544A5 /* SandboxScene.swift */,
			);
			path = Scenes;
			sourceTree = "<group>";
		};
		50BC8ECF23A6BD55003544A5 /* Managers */ = {
			isa = PBXGroup;
			children = (
				50BC8ED023A6BD65003544A5 /* SceneManager.swift */,
				50A4646823A707F5000D562D /* CameraManager.swift */,
				50215E4823A8337200B0C166 /* LightManager.swift */,
			);
			path = Managers;
			sourceTree = "<group>";
		};
/* End PBXGroup section */

/* Begin PBXNativeTarget section */
		505D1A2E23A2F4E800813A05 /* Game Engine */ = {
			isa = PBXNativeTarget;
			buildConfigurationList = 505D1A5523A2F4EB00813A05 /* Build configuration list for PBXNativeTarget "Game Engine" */;
			buildPhases = (
				505D1A2B23A2F4E800813A05 /* Sources */,
				505D1A2C23A2F4E800813A05 /* Frameworks */,
				505D1A2D23A2F4E800813A05 /* Resources */,
			);
			buildRules = (
			);
			dependencies = (
			);
			name = "Game Engine";
			productName = "Game Engine";
			productReference = 505D1A2F23A2F4E800813A05 /* Game Engine.app */;
			productType = "com.apple.product-type.application";
		};
		505D1A4023A2F4EB00813A05 /* Game EngineTests */ = {
			isa = PBXNativeTarget;
			buildConfigurationList = 505D1A5823A2F4EB00813A05 /* Build configuration list for PBXNativeTarget "Game EngineTests" */;
			buildPhases = (
				505D1A3D23A2F4EB00813A05 /* Sources */,
				505D1A3E23A2F4EB00813A05 /* Frameworks */,
				505D1A3F23A2F4EB00813A05 /* Resources */,
			);
			buildRules = (
			);
			dependencies = (
				505D1A4323A2F4EB00813A05 /* PBXTargetDependency */,
			);
			name = "Game EngineTests";
			productName = "Game EngineTests";
			productReference = 505D1A4123A2F4EB00813A05 /* Game EngineTests.xctest */;
			productType = "com.apple.product-type.bundle.unit-test";
		};
		505D1A4B23A2F4EB00813A05 /* Game EngineUITests */ = {
			isa = PBXNativeTarget;
			buildConfigurationList = 505D1A5B23A2F4EB00813A05 /* Build configuration list for PBXNativeTarget "Game EngineUITests" */;
			buildPhases = (
				505D1A4823A2F4EB00813A05 /* Sources */,
				505D1A4923A2F4EB00813A05 /* Frameworks */,
				505D1A4A23A2F4EB00813A05 /* Resources */,
			);
			buildRules = (
			);
			dependencies = (
				505D1A4E23A2F4EB00813A05 /* PBXTargetDependency */,
			);
			name = "Game EngineUITests";
			productName = "Game EngineUITests";
			productReference = 505D1A4C23A2F4EB00813A05 /* Game EngineUITests.xctest */;
			productType = "com.apple.product-type.bundle.ui-testing";
		};
/* End PBXNativeTarget section */

/* Begin PBXProject section */
		505D1A2723A2F4E800813A05 /* Project object */ = {
			isa = PBXProject;
			attributes = {
				LastSwiftUpdateCheck = 1130;
				LastUpgradeCheck = 1130;
				ORGANIZATIONNAME = "Max Taylor";
				TargetAttributes = {
					505D1A2E23A2F4E800813A05 = {
						CreatedOnToolsVersion = 11.3;
					};
					505D1A4023A2F4EB00813A05 = {
						CreatedOnToolsVersion = 11.3;
						TestTargetID = 505D1A2E23A2F4E800813A05;
					};
					505D1A4B23A2F4EB00813A05 = {
						CreatedOnToolsVersion = 11.3;
						TestTargetID = 505D1A2E23A2F4E800813A05;
					};
				};
			};
			buildConfigurationList = 505D1A2A23A2F4E800813A05 /* Build configuration list for PBXProject "Game Engine" */;
			compatibilityVersion = "Xcode 9.3";
			developmentRegion = en;
			hasScannedForEncodings = 0;
			knownRegions = (
				en,
				Base,
			);
			mainGroup = 505D1A2623A2F4E800813A05;
			productRefGroup = 505D1A3023A2F4E800813A05 /* Products */;
			projectDirPath = "";
			projectRoot = "";
			targets = (
				505D1A2E23A2F4E800813A05 /* Game Engine */,
				505D1A4023A2F4EB00813A05 /* Game EngineTests */,
				505D1A4B23A2F4EB00813A05 /* Game EngineUITests */,
			);
		};
/* End PBXProject section */

/* Begin PBXResourcesBuildPhase section */
		505D1A2D23A2F4E800813A05 /* Resources */ = {
			isa = PBXResourcesBuildPhase;
			buildActionMask = 2147483647;
			files = (
				501BB90F244F56F9007797BA /* chest.obj in Resources */,
				50215E4D23A8365900B0C166 /* sphere.obj in Resources */,
				50215E4123A8250700B0C166 /* cruiser.obj in Resources */,
				501BB910244F56F9007797BA /* Chest_Wood_Base_Color.png in Resources */,
				5037718B244E423900DE5076 /* TheSuzannes.mtl in Resources */,
				501BB90E244F56F9007797BA /* chest.mtl in Resources */,
				504D89F424A664F2002F9BFE /* quad.obj in Resources */,
				505D1A3723A2F4EA00813A05 /* Assets.xcassets in Resources */,
				50215E4323A8250700B0C166 /* cruiser.mtl in Resources */,
				505D1A3A23A2F4EA00813A05 /* Main.storyboard in Resources */,
				50215E3623A80B6800B0C166 /* PartyPirateParot.png in Resources */,
				504D89F824A664FB002F9BFE /* metal_plate_diff.png in Resources */,
				5037718C244E423900DE5076 /* TheSuzannes.obj in Resources */,
				501BB911244F56F9007797BA /* Chest_Metal_Base_Color.png in Resources */,
				504D89F924A664FB002F9BFE /* metal_plate_nor.png in Resources */,
				50215E4223A8250700B0C166 /* cruiser.bmp in Resources */,
				504D89F524A664F2002F9BFE /* quad.mtl in Resources */,
				504D89F324A664F2002F9BFE /* normal_example.png in Resources */,
			);
			runOnlyForDeploymentPostprocessing = 0;
		};
		505D1A3F23A2F4EB00813A05 /* Resources */ = {
			isa = PBXResourcesBuildPhase;
			buildActionMask = 2147483647;
			files = (
			);
			runOnlyForDeploymentPostprocessing = 0;
		};
		505D1A4A23A2F4EB00813A05 /* Resources */ = {
			isa = PBXResourcesBuildPhase;
			buildActionMask = 2147483647;
			files = (
			);
			runOnlyForDeploymentPostprocessing = 0;
		};
/* End PBXResourcesBuildPhase section */

/* Begin PBXSourcesBuildPhase section */
		505D1A2B23A2F4E800813A05 /* Sources */ = {
			isa = PBXSourcesBuildPhase;
			buildActionMask = 2147483647;
			files = (
				50BC8ECE23A6BBCF003544A5 /* SandboxScene.swift in Sources */,
				50BC8EBA23A669A8003544A5 /* GameObject.swift in Sources */,
				50BC8ED123A6BD65003544A5 /* SceneManager.swift in Sources */,
				50A4647023A7B876000D562D /* ColourUtil.swift in Sources */,
				50215E2D23A7F1C400B0C166 /* BasicShaders.metal in Sources */,
				505D1A6023A2FCCF00813A05 /* GameView.swift in Sources */,
				50215E3A23A8111800B0C166 /* SamplerStateLibrary.swift in Sources */,
				50BC8EB323A53FA6003544A5 /* VertexDescriptorLibrary.swift in Sources */,
				50BC8EC023A67479003544A5 /* Pointer.swift in Sources */,
				503B90DE23AFCA7600F30DBE /* Lighting.metal in Sources */,
				50BC8EBC23A66B60003544A5 /* Renderer.swift in Sources */,
				50A4646523A704D7000D562D /* Camera.swift in Sources */,
				50215E2F23A7F20700B0C166 /* InstancedShaders.metal in Sources */,
				5067174C23A6C9BE00C31239 /* Keycodes.swift in Sources */,
				50BC8EC223A67591003544A5 /* Node.swift in Sources */,
				5037718F244E426C00DE5076 /* TheSuzannes.swift in Sources */,
				505D1A6C23A3842C00813A05 /* Preferences.swift in Sources */,
				50215E4523A82A0300B0C166 /* Cruiser.swift in Sources */,
				503B90DC23AF9C4800F30DBE /* ShaderLibrary.swift in Sources */,
				50BC8ECC23A6B5D6003544A5 /* Scene.swift in Sources */,
				50215E2B23A7F19400B0C166 /* Shared.metal in Sources */,
				50BC8EB723A545BF003544A5 /* RenderPipelineStateLibrary.swift in Sources */,
				50A4646D23A712D4000D562D /* DepthStencilStateLibrary.swift in Sources */,
				50A4647423A7C598000D562D /* CubeCollection.swift in Sources */,
				50215E4B23A8355B00B0C166 /* Sun.swift in Sources */,
				50215E2223A7E5A300B0C166 /* Library.swift in Sources */,
				50215E4723A8325C00B0C166 /* LightObject.swift in Sources */,
				50215E3823A80D0E00B0C166 /* TextureLibrary.swift in Sources */,
				50A4647223A7BF00000D562D /* InstancedGameObject.swift in Sources */,
				50A4646B23A710F7000D562D /* Cube.swift in Sources */,
				50A4646923A707F5000D562D /* CameraManager.swift in Sources */,
				505D1A3323A2F4E800813A05 /* AppDelegate.swift in Sources */,
				50215E1F23A7E43B00B0C166 /* Entities.swift in Sources */,
				50215E4923A8337200B0C166 /* LightManager.swift in Sources */,
				505D1A6423A313B100813A05 /* MetalTypes.swift in Sources */,
				50BC8EBE23A670ED003544A5 /* MeshLibrary.swift in Sources */,
				5067174A23A6C8A500C31239 /* Keyboard.swift in Sources */,
				50BC8EC923A6AAF9003544A5 /* Maths.swift in Sources */,
				50215E3323A7FB2900B0C166 /* Quad.swift in Sources */,
				50215E1D23A7E42B00B0C166 /* Graphics.swift in Sources */,
				505D1A6A23A382D200813A05 /* Engine.swift in Sources */,
				50BC8EC523A6771B003544A5 /* Renderable.swift in Sources */,
				50215E3123A7F27500B0C166 /* GameTime.swift in Sources */,
				50377194244E5D4A00DE5076 /* Chest.swift in Sources */,
				5067174E23A6CC5700C31239 /* Mouse.swift in Sources */,
				50A4646723A705B9000D562D /* DebugCamera.swift in Sources */,
			);
			runOnlyForDeploymentPostprocessing = 0;
		};
		505D1A3D23A2F4EB00813A05 /* Sources */ = {
			isa = PBXSourcesBuildPhase;
			buildActionMask = 2147483647;
			files = (
				505D1A4623A2F4EB00813A05 /* Game_EngineTests.swift in Sources */,
			);
			runOnlyForDeploymentPostprocessing = 0;
		};
		505D1A4823A2F4EB00813A05 /* Sources */ = {
			isa = PBXSourcesBuildPhase;
			buildActionMask = 2147483647;
			files = (
				505D1A5123A2F4EB00813A05 /* Game_EngineUITests.swift in Sources */,
			);
			runOnlyForDeploymentPostprocessing = 0;
		};
/* End PBXSourcesBuildPhase section */

/* Begin PBXTargetDependency section */
		505D1A4323A2F4EB00813A05 /* PBXTargetDependency */ = {
			isa = PBXTargetDependency;
			target = 505D1A2E23A2F4E800813A05 /* Game Engine */;
			targetProxy = 505D1A4223A2F4EB00813A05 /* PBXContainerItemProxy */;
		};
		505D1A4E23A2F4EB00813A05 /* PBXTargetDependency */ = {
			isa = PBXTargetDependency;
			target = 505D1A2E23A2F4E800813A05 /* Game Engine */;
			targetProxy = 505D1A4D23A2F4EB00813A05 /* PBXContainerItemProxy */;
		};
/* End PBXTargetDependency section */

/* Begin PBXVariantGroup section */
		505D1A3823A2F4EA00813A05 /* Main.storyboard */ = {
			isa = PBXVariantGroup;
			children = (
				505D1A3923A2F4EA00813A05 /* Base */,
			);
			name = Main.storyboard;
			sourceTree = "<group>";
		};
/* End PBXVariantGroup section */

/* Begin XCBuildConfiguration section */
		505D1A5323A2F4EB00813A05 /* Debug */ = {
			isa = XCBuildConfiguration;
			buildSettings = {
				ALWAYS_SEARCH_USER_PATHS = NO;
				CLANG_ANALYZER_NONNULL = YES;
				CLANG_ANALYZER_NUMBER_OBJECT_CONVERSION = YES_AGGRESSIVE;
				CLANG_CXX_LANGUAGE_STANDARD = "gnu++14";
				CLANG_CXX_LIBRARY = "libc++";
				CLANG_ENABLE_MODULES = YES;
				CLANG_ENABLE_OBJC_ARC = YES;
				CLANG_ENABLE_OBJC_WEAK = YES;
				CLANG_WARN_BLOCK_CAPTURE_AUTORELEASING = YES;
				CLANG_WARN_BOOL_CONVERSION = YES;
				CLANG_WARN_COMMA = YES;
				CLANG_WARN_CONSTANT_CONVERSION = YES;
				CLANG_WARN_DEPRECATED_OBJC_IMPLEMENTATIONS = YES;
				CLANG_WARN_DIRECT_OBJC_ISA_USAGE = YES_ERROR;
				CLANG_WARN_DOCUMENTATION_COMMENTS = YES;
				CLANG_WARN_EMPTY_BODY = YES;
				CLANG_WARN_ENUM_CONVERSION = YES;
				CLANG_WARN_INFINITE_RECURSION = YES;
				CLANG_WARN_INT_CONVERSION = YES;
				CLANG_WARN_NON_LITERAL_NULL_CONVERSION = YES;
				CLANG_WARN_OBJC_IMPLICIT_RETAIN_SELF = YES;
				CLANG_WARN_OBJC_LITERAL_CONVERSION = YES;
				CLANG_WARN_OBJC_ROOT_CLASS = YES_ERROR;
				CLANG_WARN_RANGE_LOOP_ANALYSIS = YES;
				CLANG_WARN_STRICT_PROTOTYPES = YES;
				CLANG_WARN_SUSPICIOUS_MOVE = YES;
				CLANG_WARN_UNGUARDED_AVAILABILITY = YES_AGGRESSIVE;
				CLANG_WARN_UNREACHABLE_CODE = YES;
				CLANG_WARN__DUPLICATE_METHOD_MATCH = YES;
				COPY_PHASE_STRIP = NO;
				DEBUG_INFORMATION_FORMAT = dwarf;
				ENABLE_STRICT_OBJC_MSGSEND = YES;
				ENABLE_TESTABILITY = YES;
				GCC_C_LANGUAGE_STANDARD = gnu11;
				GCC_DYNAMIC_NO_PIC = NO;
				GCC_NO_COMMON_BLOCKS = YES;
				GCC_OPTIMIZATION_LEVEL = 0;
				GCC_PREPROCESSOR_DEFINITIONS = (
					"DEBUG=1",
					"$(inherited)",
				);
				GCC_WARN_64_TO_32_BIT_CONVERSION = YES;
				GCC_WARN_ABOUT_RETURN_TYPE = YES_ERROR;
				GCC_WARN_UNDECLARED_SELECTOR = YES;
				GCC_WARN_UNINITIALIZED_AUTOS = YES_AGGRESSIVE;
				GCC_WARN_UNUSED_FUNCTION = YES;
				GCC_WARN_UNUSED_VARIABLE = YES;
				MACOSX_DEPLOYMENT_TARGET = 10.15;
				MTL_ENABLE_DEBUG_INFO = INCLUDE_SOURCE;
				MTL_FAST_MATH = YES;
				ONLY_ACTIVE_ARCH = YES;
				SDKROOT = macosx;
				SWIFT_ACTIVE_COMPILATION_CONDITIONS = DEBUG;
				SWIFT_OPTIMIZATION_LEVEL = "-Onone";
			};
			name = Debug;
		};
		505D1A5423A2F4EB00813A05 /* Release */ = {
			isa = XCBuildConfiguration;
			buildSettings = {
				ALWAYS_SEARCH_USER_PATHS = NO;
				CLANG_ANALYZER_NONNULL = YES;
				CLANG_ANALYZER_NUMBER_OBJECT_CONVERSION = YES_AGGRESSIVE;
				CLANG_CXX_LANGUAGE_STANDARD = "gnu++14";
				CLANG_CXX_LIBRARY = "libc++";
				CLANG_ENABLE_MODULES = YES;
				CLANG_ENABLE_OBJC_ARC = YES;
				CLANG_ENABLE_OBJC_WEAK = YES;
				CLANG_WARN_BLOCK_CAPTURE_AUTORELEASING = YES;
				CLANG_WARN_BOOL_CONVERSION = YES;
				CLANG_WARN_COMMA = YES;
				CLANG_WARN_CONSTANT_CONVERSION = YES;
				CLANG_WARN_DEPRECATED_OBJC_IMPLEMENTATIONS = YES;
				CLANG_WARN_DIRECT_OBJC_ISA_USAGE = YES_ERROR;
				CLANG_WARN_DOCUMENTATION_COMMENTS = YES;
				CLANG_WARN_EMPTY_BODY = YES;
				CLANG_WARN_ENUM_CONVERSION = YES;
				CLANG_WARN_INFINITE_RECURSION = YES;
				CLANG_WARN_INT_CONVERSION = YES;
				CLANG_WARN_NON_LITERAL_NULL_CONVERSION = YES;
				CLANG_WARN_OBJC_IMPLICIT_RETAIN_SELF = YES;
				CLANG_WARN_OBJC_LITERAL_CONVERSION = YES;
				CLANG_WARN_OBJC_ROOT_CLASS = YES_ERROR;
				CLANG_WARN_RANGE_LOOP_ANALYSIS = YES;
				CLANG_WARN_STRICT_PROTOTYPES = YES;
				CLANG_WARN_SUSPICIOUS_MOVE = YES;
				CLANG_WARN_UNGUARDED_AVAILABILITY = YES_AGGRESSIVE;
				CLANG_WARN_UNREACHABLE_CODE = YES;
				CLANG_WARN__DUPLICATE_METHOD_MATCH = YES;
				COPY_PHASE_STRIP = NO;
				DEBUG_INFORMATION_FORMAT = "dwarf-with-dsym";
				ENABLE_NS_ASSERTIONS = NO;
				ENABLE_STRICT_OBJC_MSGSEND = YES;
				GCC_C_LANGUAGE_STANDARD = gnu11;
				GCC_NO_COMMON_BLOCKS = YES;
				GCC_WARN_64_TO_32_BIT_CONVERSION = YES;
				GCC_WARN_ABOUT_RETURN_TYPE = YES_ERROR;
				GCC_WARN_UNDECLARED_SELECTOR = YES;
				GCC_WARN_UNINITIALIZED_AUTOS = YES_AGGRESSIVE;
				GCC_WARN_UNUSED_FUNCTION = YES;
				GCC_WARN_UNUSED_VARIABLE = YES;
				MACOSX_DEPLOYMENT_TARGET = 10.15;
				MTL_ENABLE_DEBUG_INFO = NO;
				MTL_FAST_MATH = YES;
				SDKROOT = macosx;
				SWIFT_COMPILATION_MODE = wholemodule;
				SWIFT_OPTIMIZATION_LEVEL = "-O";
			};
			name = Release;
		};
		505D1A5623A2F4EB00813A05 /* Debug */ = {
			isa = XCBuildConfiguration;
			buildSettings = {
				ASSETCATALOG_COMPILER_APPICON_NAME = AppIcon;
				CODE_SIGN_ENTITLEMENTS = "Game Engine/Other Files/Game_Engine.entitlements";
				CODE_SIGN_STYLE = Automatic;
				COMBINE_HIDPI_IMAGES = YES;
				DEVELOPMENT_TEAM = WR4MDQ7483;
				ENABLE_HARDENED_RUNTIME = YES;
				INFOPLIST_FILE = "Game Engine/Other Files/Info.plist";
				LD_RUNPATH_SEARCH_PATHS = (
					"$(inherited)",
					"@executable_path/../Frameworks",
				);
				PRODUCT_BUNDLE_IDENTIFIER = "com.techgreens.Game-Engine";
				PRODUCT_NAME = "$(TARGET_NAME)";
				SWIFT_VERSION = 5.0;
			};
			name = Debug;
		};
		505D1A5723A2F4EB00813A05 /* Release */ = {
			isa = XCBuildConfiguration;
			buildSettings = {
				ASSETCATALOG_COMPILER_APPICON_NAME = AppIcon;
				CODE_SIGN_ENTITLEMENTS = "Game Engine/Other Files/Game_Engine.entitlements";
				CODE_SIGN_STYLE = Automatic;
				COMBINE_HIDPI_IMAGES = YES;
				DEVELOPMENT_TEAM = WR4MDQ7483;
				ENABLE_HARDENED_RUNTIME = YES;
				INFOPLIST_FILE = "Game Engine/Other Files/Info.plist";
				LD_RUNPATH_SEARCH_PATHS = (
					"$(inherited)",
					"@executable_path/../Frameworks",
				);
				PRODUCT_BUNDLE_IDENTIFIER = "com.techgreens.Game-Engine";
				PRODUCT_NAME = "$(TARGET_NAME)";
				SWIFT_VERSION = 5.0;
			};
			name = Release;
		};
		505D1A5923A2F4EB00813A05 /* Debug */ = {
			isa = XCBuildConfiguration;
			buildSettings = {
				ALWAYS_EMBED_SWIFT_STANDARD_LIBRARIES = YES;
				BUNDLE_LOADER = "$(TEST_HOST)";
				CODE_SIGN_STYLE = Automatic;
				COMBINE_HIDPI_IMAGES = YES;
				DEVELOPMENT_TEAM = WR4MDQ7483;
				INFOPLIST_FILE = "Game EngineTests/Info.plist";
				LD_RUNPATH_SEARCH_PATHS = (
					"$(inherited)",
					"@executable_path/../Frameworks",
					"@loader_path/../Frameworks",
				);
				MACOSX_DEPLOYMENT_TARGET = 10.15;
				PRODUCT_BUNDLE_IDENTIFIER = "com.techgreens.Game-EngineTests";
				PRODUCT_NAME = "$(TARGET_NAME)";
				SWIFT_VERSION = 5.0;
				TEST_HOST = "$(BUILT_PRODUCTS_DIR)/Game Engine.app/Contents/MacOS/Game Engine";
			};
			name = Debug;
		};
		505D1A5A23A2F4EB00813A05 /* Release */ = {
			isa = XCBuildConfiguration;
			buildSettings = {
				ALWAYS_EMBED_SWIFT_STANDARD_LIBRARIES = YES;
				BUNDLE_LOADER = "$(TEST_HOST)";
				CODE_SIGN_STYLE = Automatic;
				COMBINE_HIDPI_IMAGES = YES;
				DEVELOPMENT_TEAM = WR4MDQ7483;
				INFOPLIST_FILE = "Game EngineTests/Info.plist";
				LD_RUNPATH_SEARCH_PATHS = (
					"$(inherited)",
					"@executable_path/../Frameworks",
					"@loader_path/../Frameworks",
				);
				MACOSX_DEPLOYMENT_TARGET = 10.15;
				PRODUCT_BUNDLE_IDENTIFIER = "com.techgreens.Game-EngineTests";
				PRODUCT_NAME = "$(TARGET_NAME)";
				SWIFT_VERSION = 5.0;
				TEST_HOST = "$(BUILT_PRODUCTS_DIR)/Game Engine.app/Contents/MacOS/Game Engine";
			};
			name = Release;
		};
		505D1A5C23A2F4EB00813A05 /* Debug */ = {
			isa = XCBuildConfiguration;
			buildSettings = {
				ALWAYS_EMBED_SWIFT_STANDARD_LIBRARIES = YES;
				CODE_SIGN_STYLE = Automatic;
				COMBINE_HIDPI_IMAGES = YES;
				DEVELOPMENT_TEAM = WR4MDQ7483;
				INFOPLIST_FILE = "Game EngineUITests/Info.plist";
				LD_RUNPATH_SEARCH_PATHS = (
					"$(inherited)",
					"@executable_path/../Frameworks",
					"@loader_path/../Frameworks",
				);
				PRODUCT_BUNDLE_IDENTIFIER = "com.techgreens.Game-EngineUITests";
				PRODUCT_NAME = "$(TARGET_NAME)";
				SWIFT_VERSION = 5.0;
				TEST_TARGET_NAME = "Game Engine";
			};
			name = Debug;
		};
		505D1A5D23A2F4EB00813A05 /* Release */ = {
			isa = XCBuildConfiguration;
			buildSettings = {
				ALWAYS_EMBED_SWIFT_STANDARD_LIBRARIES = YES;
				CODE_SIGN_STYLE = Automatic;
				COMBINE_HIDPI_IMAGES = YES;
				DEVELOPMENT_TEAM = WR4MDQ7483;
				INFOPLIST_FILE = "Game EngineUITests/Info.plist";
				LD_RUNPATH_SEARCH_PATHS = (
					"$(inherited)",
					"@executable_path/../Frameworks",
					"@loader_path/../Frameworks",
				);
				PRODUCT_BUNDLE_IDENTIFIER = "com.techgreens.Game-EngineUITests";
				PRODUCT_NAME = "$(TARGET_NAME)";
				SWIFT_VERSION = 5.0;
				TEST_TARGET_NAME = "Game Engine";
			};
			name = Release;
		};
/* End XCBuildConfiguration section */

/* Begin XCConfigurationList section */
		505D1A2A23A2F4E800813A05 /* Build configuration list for PBXProject "Game Engine" */ = {
			isa = XCConfigurationList;
			buildConfigurations = (
				505D1A5323A2F4EB00813A05 /* Debug */,
				505D1A5423A2F4EB00813A05 /* Release */,
			);
			defaultConfigurationIsVisible = 0;
			defaultConfigurationName = Release;
		};
		505D1A5523A2F4EB00813A05 /* Build configuration list for PBXNativeTarget "Game Engine" */ = {
			isa = XCConfigurationList;
			buildConfigurations = (
				505D1A5623A2F4EB00813A05 /* Debug */,
				505D1A5723A2F4EB00813A05 /* Release */,
			);
			defaultConfigurationIsVisible = 0;
			defaultConfigurationName = Release;
		};
		505D1A5823A2F4EB00813A05 /* Build configuration list for PBXNativeTarget "Game EngineTests" */ = {
			isa = XCConfigurationList;
			buildConfigurations = (
				505D1A5923A2F4EB00813A05 /* Debug */,
				505D1A5A23A2F4EB00813A05 /* Release */,
			);
			defaultConfigurationIsVisible = 0;
			defaultConfigurationName = Release;
		};
		505D1A5B23A2F4EB00813A05 /* Build configuration list for PBXNativeTarget "Game EngineUITests" */ = {
			isa = XCConfigurationList;
			buildConfigurations = (
				505D1A5C23A2F4EB00813A05 /* Debug */,
				505D1A5D23A2F4EB00813A05 /* Release */,
			);
			defaultConfigurationIsVisible = 0;
			defaultConfigurationName = Release;
		};
/* End XCConfigurationList section */
	};
	rootObject = 505D1A2723A2F4E800813A05 /* Project object */;
}
