// !$*UTF8*$!
{
	archiveVersion = 1;
	classes = {
	};
	objectVersion = 50;
	objects = {

/* Begin PBXBuildFile section */
		505D1A3323A2F4E800813A05 /* AppDelegate.swift in Sources */ = {isa = PBXBuildFile; fileRef = 505D1A3223A2F4E800813A05 /* AppDelegate.swift */; };
		505D1A3723A2F4EA00813A05 /* Assets.xcassets in Resources */ = {isa = PBXBuildFile; fileRef = 505D1A3623A2F4EA00813A05 /* Assets.xcassets */; };
		505D1A3A23A2F4EA00813A05 /* Main.storyboard in Resources */ = {isa = PBXBuildFile; fileRef = 505D1A3823A2F4EA00813A05 /* Main.storyboard */; };
		505D1A4623A2F4EB00813A05 /* Game_EngineTests.swift in Sources */ = {isa = PBXBuildFile; fileRef = 505D1A4523A2F4EB00813A05 /* Game_EngineTests.swift */; };
		505D1A5123A2F4EB00813A05 /* Game_EngineUITests.swift in Sources */ = {isa = PBXBuildFile; fileRef = 505D1A5023A2F4EB00813A05 /* Game_EngineUITests.swift */; };
		505D1A6023A2FCCF00813A05 /* GameView.swift in Sources */ = {isa = PBXBuildFile; fileRef = 505D1A5F23A2FCCF00813A05 /* GameView.swift */; };
		505D1A6223A3024000813A05 /* MyShaders.metal in Sources */ = {isa = PBXBuildFile; fileRef = 505D1A6123A3024000813A05 /* MyShaders.metal */; };
		505D1A6423A313B100813A05 /* Types.swift in Sources */ = {isa = PBXBuildFile; fileRef = 505D1A6323A313B100813A05 /* Types.swift */; };
		505D1A6A23A382D200813A05 /* Engine.swift in Sources */ = {isa = PBXBuildFile; fileRef = 505D1A6923A382D200813A05 /* Engine.swift */; };
		505D1A6C23A3842C00813A05 /* Preferences.swift in Sources */ = {isa = PBXBuildFile; fileRef = 505D1A6B23A3842C00813A05 /* Preferences.swift */; };
		50BC8EB123A38609003544A5 /* ShaderLibrary.swift in Sources */ = {isa = PBXBuildFile; fileRef = 50BC8EB023A38609003544A5 /* ShaderLibrary.swift */; };
		50BC8EB323A53FA6003544A5 /* VertexDescriptorLibrary.swift in Sources */ = {isa = PBXBuildFile; fileRef = 50BC8EB223A53FA6003544A5 /* VertexDescriptorLibrary.swift */; };
		50BC8EB523A54248003544A5 /* RenderPipelineDescriptorLibrary.swift in Sources */ = {isa = PBXBuildFile; fileRef = 50BC8EB423A54248003544A5 /* RenderPipelineDescriptorLibrary.swift */; };
		50BC8EB723A545BF003544A5 /* RenderPipelineStateLibrary.swift in Sources */ = {isa = PBXBuildFile; fileRef = 50BC8EB623A545BF003544A5 /* RenderPipelineStateLibrary.swift */; };
		50BC8EBA23A669A8003544A5 /* GameObject.swift in Sources */ = {isa = PBXBuildFile; fileRef = 50BC8EB923A669A8003544A5 /* GameObject.swift */; };
		50BC8EBC23A66B60003544A5 /* Renderer.swift in Sources */ = {isa = PBXBuildFile; fileRef = 50BC8EBB23A66B60003544A5 /* Renderer.swift */; };
/* End PBXBuildFile section */

/* Begin PBXContainerItemProxy section */
		505D1A4223A2F4EB00813A05 /* PBXContainerItemProxy */ = {
			isa = PBXContainerItemProxy;
			containerPortal = 505D1A2723A2F4E800813A05 /* Project object */;
			proxyType = 1;
			remoteGlobalIDString = 505D1A2E23A2F4E800813A05;
			remoteInfo = "Game Engine";
		};
		505D1A4D23A2F4EB00813A05 /* PBXContainerItemProxy */ = {
			isa = PBXContainerItemProxy;
			containerPortal = 505D1A2723A2F4E800813A05 /* Project object */;
			proxyType = 1;
			remoteGlobalIDString = 505D1A2E23A2F4E800813A05;
			remoteInfo = "Game Engine";
		};
/* End PBXContainerItemProxy section */

/* Begin PBXFileReference section */
		505D1A2F23A2F4E800813A05 /* Game Engine.app */ = {isa = PBXFileReference; explicitFileType = wrapper.application; includeInIndex = 0; path = "Game Engine.app"; sourceTree = BUILT_PRODUCTS_DIR; };
		505D1A3223A2F4E800813A05 /* AppDelegate.swift */ = {isa = PBXFileReference; lastKnownFileType = sourcecode.swift; path = AppDelegate.swift; sourceTree = "<group>"; };
		505D1A3623A2F4EA00813A05 /* Assets.xcassets */ = {isa = PBXFileReference; lastKnownFileType = folder.assetcatalog; path = Assets.xcassets; sourceTree = "<group>"; };
		505D1A3923A2F4EA00813A05 /* Base */ = {isa = PBXFileReference; lastKnownFileType = file.storyboard; name = Base; path = Base.lproj/Main.storyboard; sourceTree = "<group>"; };
		505D1A3B23A2F4EA00813A05 /* Info.plist */ = {isa = PBXFileReference; lastKnownFileType = text.plist.xml; path = Info.plist; sourceTree = "<group>"; };
		505D1A3C23A2F4EA00813A05 /* Game_Engine.entitlements */ = {isa = PBXFileReference; lastKnownFileType = text.plist.entitlements; path = Game_Engine.entitlements; sourceTree = "<group>"; };
		505D1A4123A2F4EB00813A05 /* Game EngineTests.xctest */ = {isa = PBXFileReference; explicitFileType = wrapper.cfbundle; includeInIndex = 0; path = "Game EngineTests.xctest"; sourceTree = BUILT_PRODUCTS_DIR; };
		505D1A4523A2F4EB00813A05 /* Game_EngineTests.swift */ = {isa = PBXFileReference; lastKnownFileType = sourcecode.swift; path = Game_EngineTests.swift; sourceTree = "<group>"; };
		505D1A4723A2F4EB00813A05 /* Info.plist */ = {isa = PBXFileReference; lastKnownFileType = text.plist.xml; path = Info.plist; sourceTree = "<group>"; };
		505D1A4C23A2F4EB00813A05 /* Game EngineUITests.xctest */ = {isa = PBXFileReference; explicitFileType = wrapper.cfbundle; includeInIndex = 0; path = "Game EngineUITests.xctest"; sourceTree = BUILT_PRODUCTS_DIR; };
		505D1A5023A2F4EB00813A05 /* Game_EngineUITests.swift */ = {isa = PBXFileReference; lastKnownFileType = sourcecode.swift; path = Game_EngineUITests.swift; sourceTree = "<group>"; };
		505D1A5223A2F4EB00813A05 /* Info.plist */ = {isa = PBXFileReference; lastKnownFileType = text.plist.xml; path = Info.plist; sourceTree = "<group>"; };
		505D1A5F23A2FCCF00813A05 /* GameView.swift */ = {isa = PBXFileReference; lastKnownFileType = sourcecode.swift; path = GameView.swift; sourceTree = "<group>"; };
		505D1A6123A3024000813A05 /* MyShaders.metal */ = {isa = PBXFileReference; lastKnownFileType = sourcecode.metal; path = MyShaders.metal; sourceTree = "<group>"; };
		505D1A6323A313B100813A05 /* Types.swift */ = {isa = PBXFileReference; lastKnownFileType = sourcecode.swift; path = Types.swift; sourceTree = "<group>"; };
		505D1A6923A382D200813A05 /* Engine.swift */ = {isa = PBXFileReference; lastKnownFileType = sourcecode.swift; path = Engine.swift; sourceTree = "<group>"; };
		505D1A6B23A3842C00813A05 /* Preferences.swift */ = {isa = PBXFileReference; lastKnownFileType = sourcecode.swift; path = Preferences.swift; sourceTree = "<group>"; };
		50BC8EB023A38609003544A5 /* ShaderLibrary.swift */ = {isa = PBXFileReference; lastKnownFileType = sourcecode.swift; path = ShaderLibrary.swift; sourceTree = "<group>"; };
		50BC8EB223A53FA6003544A5 /* VertexDescriptorLibrary.swift */ = {isa = PBXFileReference; lastKnownFileType = sourcecode.swift; path = VertexDescriptorLibrary.swift; sourceTree = "<group>"; };
		50BC8EB423A54248003544A5 /* RenderPipelineDescriptorLibrary.swift */ = {isa = PBXFileReference; lastKnownFileType = sourcecode.swift; path = RenderPipelineDescriptorLibrary.swift; sourceTree = "<group>"; };
		50BC8EB623A545BF003544A5 /* RenderPipelineStateLibrary.swift */ = {isa = PBXFileReference; lastKnownFileType = sourcecode.swift; path = RenderPipelineStateLibrary.swift; sourceTree = "<group>"; };
		50BC8EB923A669A8003544A5 /* GameObject.swift */ = {isa = PBXFileReference; lastKnownFileType = sourcecode.swift; path = GameObject.swift; sourceTree = "<group>"; };
		50BC8EBB23A66B60003544A5 /* Renderer.swift */ = {isa = PBXFileReference; lastKnownFileType = sourcecode.swift; path = Renderer.swift; sourceTree = "<group>"; };
/* End PBXFileReference section */

/* Begin PBXFrameworksBuildPhase section */
		505D1A2C23A2F4E800813A05 /* Frameworks */ = {
			isa = PBXFrameworksBuildPhase;
			buildActionMask = 2147483647;
			files = (
			);
			runOnlyForDeploymentPostprocessing = 0;
		};
		505D1A3E23A2F4EB00813A05 /* Frameworks */ = {
			isa = PBXFrameworksBuildPhase;
			buildActionMask = 2147483647;
			files = (
			);
			runOnlyForDeploymentPostprocessing = 0;
		};
		505D1A4923A2F4EB00813A05 /* Frameworks */ = {
			isa = PBXFrameworksBuildPhase;
			buildActionMask = 2147483647;
			files = (
			);
			runOnlyForDeploymentPostprocessing = 0;
		};
/* End PBXFrameworksBuildPhase section */

/* Begin PBXGroup section */
		505D1A2623A2F4E800813A05 = {
			isa = PBXGroup;
			children = (
				505D1A3123A2F4E800813A05 /* Game Engine */,
				505D1A4423A2F4EB00813A05 /* Game EngineTests */,
				505D1A4F23A2F4EB00813A05 /* Game EngineUITests */,
				505D1A3023A2F4E800813A05 /* Products */,
			);
			sourceTree = "<group>";
		};
		505D1A3023A2F4E800813A05 /* Products */ = {
			isa = PBXGroup;
			children = (
				505D1A2F23A2F4E800813A05 /* Game Engine.app */,
				505D1A4123A2F4EB00813A05 /* Game EngineTests.xctest */,
				505D1A4C23A2F4EB00813A05 /* Game EngineUITests.xctest */,
			);
			name = Products;
			sourceTree = "<group>";
		};
		505D1A3123A2F4E800813A05 /* Game Engine */ = {
			isa = PBXGroup;
			children = (
				50BC8EB823A66979003544A5 /* New Group */,
				505D1A6523A3819700813A05 /* Core */,
				505D1A6623A381A900813A05 /* Libraries */,
				505D1A6723A381B100813A05 /* Shaders */,
				505D1A6823A381B600813A05 /* Display */,
				505D1A5E23A2FA2C00813A05 /* Other Files */,
			);
			path = "Game Engine";
			sourceTree = "<group>";
		};
		505D1A4423A2F4EB00813A05 /* Game EngineTests */ = {
			isa = PBXGroup;
			children = (
				505D1A4523A2F4EB00813A05 /* Game_EngineTests.swift */,
				505D1A4723A2F4EB00813A05 /* Info.plist */,
			);
			path = "Game EngineTests";
			sourceTree = "<group>";
		};
		505D1A4F23A2F4EB00813A05 /* Game EngineUITests */ = {
			isa = PBXGroup;
			children = (
				505D1A5023A2F4EB00813A05 /* Game_EngineUITests.swift */,
				505D1A5223A2F4EB00813A05 /* Info.plist */,
			);
			path = "Game EngineUITests";
			sourceTree = "<group>";
		};
		505D1A5E23A2FA2C00813A05 /* Other Files */ = {
			isa = PBXGroup;
			children = (
				505D1A3223A2F4E800813A05 /* AppDelegate.swift */,
				505D1A3623A2F4EA00813A05 /* Assets.xcassets */,
				505D1A3B23A2F4EA00813A05 /* Info.plist */,
				505D1A3C23A2F4EA00813A05 /* Game_Engine.entitlements */,
			);
			path = "Other Files";
			sourceTree = "<group>";
		};
		505D1A6523A3819700813A05 /* Core */ = {
			isa = PBXGroup;
			children = (
				505D1A6323A313B100813A05 /* Types.swift */,
				505D1A6923A382D200813A05 /* Engine.swift */,
				505D1A6B23A3842C00813A05 /* Preferences.swift */,
			);
			path = Core;
			sourceTree = "<group>";
		};
		505D1A6623A381A900813A05 /* Libraries */ = {
			isa = PBXGroup;
			children = (
				50BC8EB023A38609003544A5 /* ShaderLibrary.swift */,
				50BC8EB223A53FA6003544A5 /* VertexDescriptorLibrary.swift */,
				50BC8EB423A54248003544A5 /* RenderPipelineDescriptorLibrary.swift */,
				50BC8EB623A545BF003544A5 /* RenderPipelineStateLibrary.swift */,
			);
			path = Libraries;
			sourceTree = "<group>";
		};
		505D1A6723A381B100813A05 /* Shaders */ = {
			isa = PBXGroup;
			children = (
				505D1A6123A3024000813A05 /* MyShaders.metal */,
			);
			path = Shaders;
			sourceTree = "<group>";
		};
		505D1A6823A381B600813A05 /* Display */ = {
			isa = PBXGroup;
			children = (
				505D1A3823A2F4EA00813A05 /* Main.storyboard */,
				505D1A5F23A2FCCF00813A05 /* GameView.swift */,
				50BC8EBB23A66B60003544A5 /* Renderer.swift */,
			);
			path = Display;
			sourceTree = "<group>";
		};
		50BC8EB823A66979003544A5 /* New Group */ = {
			isa = PBXGroup;
			children = (
				50BC8EB923A669A8003544A5 /* GameObject.swift */,
			);
			path = "New Group";
			sourceTree = "<group>";
		};
/* End PBXGroup section */

/* Begin PBXNativeTarget section */
		505D1A2E23A2F4E800813A05 /* Game Engine */ = {
			isa = PBXNativeTarget;
			buildConfigurationList = 505D1A5523A2F4EB00813A05 /* Build configuration list for PBXNativeTarget "Game Engine" */;
			buildPhases = (
				505D1A2B23A2F4E800813A05 /* Sources */,
				505D1A2C23A2F4E800813A05 /* Frameworks */,
				505D1A2D23A2F4E800813A05 /* Resources */,
			);
			buildRules = (
			);
			dependencies = (
			);
			name = "Game Engine";
			productName = "Game Engine";
			productReference = 505D1A2F23A2F4E800813A05 /* Game Engine.app */;
			productType = "com.apple.product-type.application";
		};
		505D1A4023A2F4EB00813A05 /* Game EngineTests */ = {
			isa = PBXNativeTarget;
			buildConfigurationList = 505D1A5823A2F4EB00813A05 /* Build configuration list for PBXNativeTarget "Game EngineTests" */;
			buildPhases = (
				505D1A3D23A2F4EB00813A05 /* Sources */,
				505D1A3E23A2F4EB00813A05 /* Frameworks */,
				505D1A3F23A2F4EB00813A05 /* Resources */,
			);
			buildRules = (
			);
			dependencies = (
				505D1A4323A2F4EB00813A05 /* PBXTargetDependency */,
			);
			name = "Game EngineTests";
			productName = "Game EngineTests";
			productReference = 505D1A4123A2F4EB00813A05 /* Game EngineTests.xctest */;
			productType = "com.apple.product-type.bundle.unit-test";
		};
		505D1A4B23A2F4EB00813A05 /* Game EngineUITests */ = {
			isa = PBXNativeTarget;
			buildConfigurationList = 505D1A5B23A2F4EB00813A05 /* Build configuration list for PBXNativeTarget "Game EngineUITests" */;
			buildPhases = (
				505D1A4823A2F4EB00813A05 /* Sources */,
				505D1A4923A2F4EB00813A05 /* Frameworks */,
				505D1A4A23A2F4EB00813A05 /* Resources */,
			);
			buildRules = (
			);
			dependencies = (
				505D1A4E23A2F4EB00813A05 /* PBXTargetDependency */,
			);
			name = "Game EngineUITests";
			productName = "Game EngineUITests";
			productReference = 505D1A4C23A2F4EB00813A05 /* Game EngineUITests.xctest */;
			productType = "com.apple.product-type.bundle.ui-testing";
		};
/* End PBXNativeTarget section */

/* Begin PBXProject section */
		505D1A2723A2F4E800813A05 /* Project object */ = {
			isa = PBXProject;
			attributes = {
				LastSwiftUpdateCheck = 1130;
				LastUpgradeCheck = 1130;
				ORGANIZATIONNAME = "Max Taylor";
				TargetAttributes = {
					505D1A2E23A2F4E800813A05 = {
						CreatedOnToolsVersion = 11.3;
					};
					505D1A4023A2F4EB00813A05 = {
						CreatedOnToolsVersion = 11.3;
						TestTargetID = 505D1A2E23A2F4E800813A05;
					};
					505D1A4B23A2F4EB00813A05 = {
						CreatedOnToolsVersion = 11.3;
						TestTargetID = 505D1A2E23A2F4E800813A05;
					};
				};
			};
			buildConfigurationList = 505D1A2A23A2F4E800813A05 /* Build configuration list for PBXProject "Game Engine" */;
			compatibilityVersion = "Xcode 9.3";
			developmentRegion = en;
			hasScannedForEncodings = 0;
			knownRegions = (
				en,
				Base,
			);
			mainGroup = 505D1A2623A2F4E800813A05;
			productRefGroup = 505D1A3023A2F4E800813A05 /* Products */;
			projectDirPath = "";
			projectRoot = "";
			targets = (
				505D1A2E23A2F4E800813A05 /* Game Engine */,
				505D1A4023A2F4EB00813A05 /* Game EngineTests */,
				505D1A4B23A2F4EB00813A05 /* Game EngineUITests */,
			);
		};
/* End PBXProject section */

/* Begin PBXResourcesBuildPhase section */
		505D1A2D23A2F4E800813A05 /* Resources */ = {
			isa = PBXResourcesBuildPhase;
			buildActionMask = 2147483647;
			files = (
				505D1A3723A2F4EA00813A05 /* Assets.xcassets in Resources */,
				505D1A3A23A2F4EA00813A05 /* Main.storyboard in Resources */,
			);
			runOnlyForDeploymentPostprocessing = 0;
		};
		505D1A3F23A2F4EB00813A05 /* Resources */ = {
			isa = PBXResourcesBuildPhase;
			buildActionMask = 2147483647;
			files = (
			);
			runOnlyForDeploymentPostprocessing = 0;
		};
		505D1A4A23A2F4EB00813A05 /* Resources */ = {
			isa = PBXResourcesBuildPhase;
			buildActionMask = 2147483647;
			files = (
			);
			runOnlyForDeploymentPostprocessing = 0;
		};
/* End PBXResourcesBuildPhase section */

/* Begin PBXSourcesBuildPhase section */
		505D1A2B23A2F4E800813A05 /* Sources */ = {
			isa = PBXSourcesBuildPhase;
			buildActionMask = 2147483647;
			files = (
				50BC8EBA23A669A8003544A5 /* GameObject.swift in Sources */,
				505D1A6223A3024000813A05 /* MyShaders.metal in Sources */,
				505D1A6023A2FCCF00813A05 /* GameView.swift in Sources */,
				50BC8EB323A53FA6003544A5 /* VertexDescriptorLibrary.swift in Sources */,
				50BC8EBC23A66B60003544A5 /* Renderer.swift in Sources */,
				505D1A6C23A3842C00813A05 /* Preferences.swift in Sources */,
				50BC8EB723A545BF003544A5 /* RenderPipelineStateLibrary.swift in Sources */,
				505D1A3323A2F4E800813A05 /* AppDelegate.swift in Sources */,
				50BC8EB123A38609003544A5 /* ShaderLibrary.swift in Sources */,
				505D1A6423A313B100813A05 /* Types.swift in Sources */,
				50BC8EB523A54248003544A5 /* RenderPipelineDescriptorLibrary.swift in Sources */,
				505D1A6A23A382D200813A05 /* Engine.swift in Sources */,
			);
			runOnlyForDeploymentPostprocessing = 0;
		};
		505D1A3D23A2F4EB00813A05 /* Sources */ = {
			isa = PBXSourcesBuildPhase;
			buildActionMask = 2147483647;
			files = (
				505D1A4623A2F4EB00813A05 /* Game_EngineTests.swift in Sources */,
			);
			runOnlyForDeploymentPostprocessing = 0;
		};
		505D1A4823A2F4EB00813A05 /* Sources */ = {
			isa = PBXSourcesBuildPhase;
			buildActionMask = 2147483647;
			files = (
				505D1A5123A2F4EB00813A05 /* Game_EngineUITests.swift in Sources */,
			);
			runOnlyForDeploymentPostprocessing = 0;
		};
/* End PBXSourcesBuildPhase section */

/* Begin PBXTargetDependency section */
		505D1A4323A2F4EB00813A05 /* PBXTargetDependency */ = {
			isa = PBXTargetDependency;
			target = 505D1A2E23A2F4E800813A05 /* Game Engine */;
			targetProxy = 505D1A4223A2F4EB00813A05 /* PBXContainerItemProxy */;
		};
		505D1A4E23A2F4EB00813A05 /* PBXTargetDependency */ = {
			isa = PBXTargetDependency;
			target = 505D1A2E23A2F4E800813A05 /* Game Engine */;
			targetProxy = 505D1A4D23A2F4EB00813A05 /* PBXContainerItemProxy */;
		};
/* End PBXTargetDependency section */

/* Begin PBXVariantGroup section */
		505D1A3823A2F4EA00813A05 /* Main.storyboard */ = {
			isa = PBXVariantGroup;
			children = (
				505D1A3923A2F4EA00813A05 /* Base */,
			);
			name = Main.storyboard;
			sourceTree = "<group>";
		};
/* End PBXVariantGroup section */

/* Begin XCBuildConfiguration section */
		505D1A5323A2F4EB00813A05 /* Debug */ = {
			isa = XCBuildConfiguration;
			buildSettings = {
				ALWAYS_SEARCH_USER_PATHS = NO;
				CLANG_ANALYZER_NONNULL = YES;
				CLANG_ANALYZER_NUMBER_OBJECT_CONVERSION = YES_AGGRESSIVE;
				CLANG_CXX_LANGUAGE_STANDARD = "gnu++14";
				CLANG_CXX_LIBRARY = "libc++";
				CLANG_ENABLE_MODULES = YES;
				CLANG_ENABLE_OBJC_ARC = YES;
				CLANG_ENABLE_OBJC_WEAK = YES;
				CLANG_WARN_BLOCK_CAPTURE_AUTORELEASING = YES;
				CLANG_WARN_BOOL_CONVERSION = YES;
				CLANG_WARN_COMMA = YES;
				CLANG_WARN_CONSTANT_CONVERSION = YES;
				CLANG_WARN_DEPRECATED_OBJC_IMPLEMENTATIONS = YES;
				CLANG_WARN_DIRECT_OBJC_ISA_USAGE = YES_ERROR;
				CLANG_WARN_DOCUMENTATION_COMMENTS = YES;
				CLANG_WARN_EMPTY_BODY = YES;
				CLANG_WARN_ENUM_CONVERSION = YES;
				CLANG_WARN_INFINITE_RECURSION = YES;
				CLANG_WARN_INT_CONVERSION = YES;
				CLANG_WARN_NON_LITERAL_NULL_CONVERSION = YES;
				CLANG_WARN_OBJC_IMPLICIT_RETAIN_SELF = YES;
				CLANG_WARN_OBJC_LITERAL_CONVERSION = YES;
				CLANG_WARN_OBJC_ROOT_CLASS = YES_ERROR;
				CLANG_WARN_RANGE_LOOP_ANALYSIS = YES;
				CLANG_WARN_STRICT_PROTOTYPES = YES;
				CLANG_WARN_SUSPICIOUS_MOVE = YES;
				CLANG_WARN_UNGUARDED_AVAILABILITY = YES_AGGRESSIVE;
				CLANG_WARN_UNREACHABLE_CODE = YES;
				CLANG_WARN__DUPLICATE_METHOD_MATCH = YES;
				COPY_PHASE_STRIP = NO;
				DEBUG_INFORMATION_FORMAT = dwarf;
				ENABLE_STRICT_OBJC_MSGSEND = YES;
				ENABLE_TESTABILITY = YES;
				GCC_C_LANGUAGE_STANDARD = gnu11;
				GCC_DYNAMIC_NO_PIC = NO;
				GCC_NO_COMMON_BLOCKS = YES;
				GCC_OPTIMIZATION_LEVEL = 0;
				GCC_PREPROCESSOR_DEFINITIONS = (
					"DEBUG=1",
					"$(inherited)",
				);
				GCC_WARN_64_TO_32_BIT_CONVERSION = YES;
				GCC_WARN_ABOUT_RETURN_TYPE = YES_ERROR;
				GCC_WARN_UNDECLARED_SELECTOR = YES;
				GCC_WARN_UNINITIALIZED_AUTOS = YES_AGGRESSIVE;
				GCC_WARN_UNUSED_FUNCTION = YES;
				GCC_WARN_UNUSED_VARIABLE = YES;
				MACOSX_DEPLOYMENT_TARGET = 10.15;
				MTL_ENABLE_DEBUG_INFO = INCLUDE_SOURCE;
				MTL_FAST_MATH = YES;
				ONLY_ACTIVE_ARCH = YES;
				SDKROOT = macosx;
				SWIFT_ACTIVE_COMPILATION_CONDITIONS = DEBUG;
				SWIFT_OPTIMIZATION_LEVEL = "-Onone";
			};
			name = Debug;
		};
		505D1A5423A2F4EB00813A05 /* Release */ = {
			isa = XCBuildConfiguration;
			buildSettings = {
				ALWAYS_SEARCH_USER_PATHS = NO;
				CLANG_ANALYZER_NONNULL = YES;
				CLANG_ANALYZER_NUMBER_OBJECT_CONVERSION = YES_AGGRESSIVE;
				CLANG_CXX_LANGUAGE_STANDARD = "gnu++14";
				CLANG_CXX_LIBRARY = "libc++";
				CLANG_ENABLE_MODULES = YES;
				CLANG_ENABLE_OBJC_ARC = YES;
				CLANG_ENABLE_OBJC_WEAK = YES;
				CLANG_WARN_BLOCK_CAPTURE_AUTORELEASING = YES;
				CLANG_WARN_BOOL_CONVERSION = YES;
				CLANG_WARN_COMMA = YES;
				CLANG_WARN_CONSTANT_CONVERSION = YES;
				CLANG_WARN_DEPRECATED_OBJC_IMPLEMENTATIONS = YES;
				CLANG_WARN_DIRECT_OBJC_ISA_USAGE = YES_ERROR;
				CLANG_WARN_DOCUMENTATION_COMMENTS = YES;
				CLANG_WARN_EMPTY_BODY = YES;
				CLANG_WARN_ENUM_CONVERSION = YES;
				CLANG_WARN_INFINITE_RECURSION = YES;
				CLANG_WARN_INT_CONVERSION = YES;
				CLANG_WARN_NON_LITERAL_NULL_CONVERSION = YES;
				CLANG_WARN_OBJC_IMPLICIT_RETAIN_SELF = YES;
				CLANG_WARN_OBJC_LITERAL_CONVERSION = YES;
				CLANG_WARN_OBJC_ROOT_CLASS = YES_ERROR;
				CLANG_WARN_RANGE_LOOP_ANALYSIS = YES;
				CLANG_WARN_STRICT_PROTOTYPES = YES;
				CLANG_WARN_SUSPICIOUS_MOVE = YES;
				CLANG_WARN_UNGUARDED_AVAILABILITY = YES_AGGRESSIVE;
				CLANG_WARN_UNREACHABLE_CODE = YES;
				CLANG_WARN__DUPLICATE_METHOD_MATCH = YES;
				COPY_PHASE_STRIP = NO;
				DEBUG_INFORMATION_FORMAT = "dwarf-with-dsym";
				ENABLE_NS_ASSERTIONS = NO;
				ENABLE_STRICT_OBJC_MSGSEND = YES;
				GCC_C_LANGUAGE_STANDARD = gnu11;
				GCC_NO_COMMON_BLOCKS = YES;
				GCC_WARN_64_TO_32_BIT_CONVERSION = YES;
				GCC_WARN_ABOUT_RETURN_TYPE = YES_ERROR;
				GCC_WARN_UNDECLARED_SELECTOR = YES;
				GCC_WARN_UNINITIALIZED_AUTOS = YES_AGGRESSIVE;
				GCC_WARN_UNUSED_FUNCTION = YES;
				GCC_WARN_UNUSED_VARIABLE = YES;
				MACOSX_DEPLOYMENT_TARGET = 10.15;
				MTL_ENABLE_DEBUG_INFO = NO;
				MTL_FAST_MATH = YES;
				SDKROOT = macosx;
				SWIFT_COMPILATION_MODE = wholemodule;
				SWIFT_OPTIMIZATION_LEVEL = "-O";
			};
			name = Release;
		};
		505D1A5623A2F4EB00813A05 /* Debug */ = {
			isa = XCBuildConfiguration;
			buildSettings = {
				ASSETCATALOG_COMPILER_APPICON_NAME = AppIcon;
				CODE_SIGN_ENTITLEMENTS = "Game Engine/Other Files/Game_Engine.entitlements";
				CODE_SIGN_STYLE = Automatic;
				COMBINE_HIDPI_IMAGES = YES;
				DEVELOPMENT_TEAM = WR4MDQ7483;
				ENABLE_HARDENED_RUNTIME = YES;
				INFOPLIST_FILE = "Game Engine/Other Files/Info.plist";
				LD_RUNPATH_SEARCH_PATHS = (
					"$(inherited)",
					"@executable_path/../Frameworks",
				);
				PRODUCT_BUNDLE_IDENTIFIER = "com.techgreens.Game-Engine";
				PRODUCT_NAME = "$(TARGET_NAME)";
				SWIFT_VERSION = 5.0;
			};
			name = Debug;
		};
		505D1A5723A2F4EB00813A05 /* Release */ = {
			isa = XCBuildConfiguration;
			buildSettings = {
				ASSETCATALOG_COMPILER_APPICON_NAME = AppIcon;
				CODE_SIGN_ENTITLEMENTS = "Game Engine/Other Files/Game_Engine.entitlements";
				CODE_SIGN_STYLE = Automatic;
				COMBINE_HIDPI_IMAGES = YES;
				DEVELOPMENT_TEAM = WR4MDQ7483;
				ENABLE_HARDENED_RUNTIME = YES;
				INFOPLIST_FILE = "Game Engine/Other Files/Info.plist";
				LD_RUNPATH_SEARCH_PATHS = (
					"$(inherited)",
					"@executable_path/../Frameworks",
				);
				PRODUCT_BUNDLE_IDENTIFIER = "com.techgreens.Game-Engine";
				PRODUCT_NAME = "$(TARGET_NAME)";
				SWIFT_VERSION = 5.0;
			};
			name = Release;
		};
		505D1A5923A2F4EB00813A05 /* Debug */ = {
			isa = XCBuildConfiguration;
			buildSettings = {
				ALWAYS_EMBED_SWIFT_STANDARD_LIBRARIES = YES;
				BUNDLE_LOADER = "$(TEST_HOST)";
				CODE_SIGN_STYLE = Automatic;
				COMBINE_HIDPI_IMAGES = YES;
				DEVELOPMENT_TEAM = WR4MDQ7483;
				INFOPLIST_FILE = "Game EngineTests/Info.plist";
				LD_RUNPATH_SEARCH_PATHS = (
					"$(inherited)",
					"@executable_path/../Frameworks",
					"@loader_path/../Frameworks",
				);
				MACOSX_DEPLOYMENT_TARGET = 10.15;
				PRODUCT_BUNDLE_IDENTIFIER = "com.techgreens.Game-EngineTests";
				PRODUCT_NAME = "$(TARGET_NAME)";
				SWIFT_VERSION = 5.0;
				TEST_HOST = "$(BUILT_PRODUCTS_DIR)/Game Engine.app/Contents/MacOS/Game Engine";
			};
			name = Debug;
		};
		505D1A5A23A2F4EB00813A05 /* Release */ = {
			isa = XCBuildConfiguration;
			buildSettings = {
				ALWAYS_EMBED_SWIFT_STANDARD_LIBRARIES = YES;
				BUNDLE_LOADER = "$(TEST_HOST)";
				CODE_SIGN_STYLE = Automatic;
				COMBINE_HIDPI_IMAGES = YES;
				DEVELOPMENT_TEAM = WR4MDQ7483;
				INFOPLIST_FILE = "Game EngineTests/Info.plist";
				LD_RUNPATH_SEARCH_PATHS = (
					"$(inherited)",
					"@executable_path/../Frameworks",
					"@loader_path/../Frameworks",
				);
				MACOSX_DEPLOYMENT_TARGET = 10.15;
				PRODUCT_BUNDLE_IDENTIFIER = "com.techgreens.Game-EngineTests";
				PRODUCT_NAME = "$(TARGET_NAME)";
				SWIFT_VERSION = 5.0;
				TEST_HOST = "$(BUILT_PRODUCTS_DIR)/Game Engine.app/Contents/MacOS/Game Engine";
			};
			name = Release;
		};
		505D1A5C23A2F4EB00813A05 /* Debug */ = {
			isa = XCBuildConfiguration;
			buildSettings = {
				ALWAYS_EMBED_SWIFT_STANDARD_LIBRARIES = YES;
				CODE_SIGN_STYLE = Automatic;
				COMBINE_HIDPI_IMAGES = YES;
				DEVELOPMENT_TEAM = WR4MDQ7483;
				INFOPLIST_FILE = "Game EngineUITests/Info.plist";
				LD_RUNPATH_SEARCH_PATHS = (
					"$(inherited)",
					"@executable_path/../Frameworks",
					"@loader_path/../Frameworks",
				);
				PRODUCT_BUNDLE_IDENTIFIER = "com.techgreens.Game-EngineUITests";
				PRODUCT_NAME = "$(TARGET_NAME)";
				SWIFT_VERSION = 5.0;
				TEST_TARGET_NAME = "Game Engine";
			};
			name = Debug;
		};
		505D1A5D23A2F4EB00813A05 /* Release */ = {
			isa = XCBuildConfiguration;
			buildSettings = {
				ALWAYS_EMBED_SWIFT_STANDARD_LIBRARIES = YES;
				CODE_SIGN_STYLE = Automatic;
				COMBINE_HIDPI_IMAGES = YES;
				DEVELOPMENT_TEAM = WR4MDQ7483;
				INFOPLIST_FILE = "Game EngineUITests/Info.plist";
				LD_RUNPATH_SEARCH_PATHS = (
					"$(inherited)",
					"@executable_path/../Frameworks",
					"@loader_path/../Frameworks",
				);
				PRODUCT_BUNDLE_IDENTIFIER = "com.techgreens.Game-EngineUITests";
				PRODUCT_NAME = "$(TARGET_NAME)";
				SWIFT_VERSION = 5.0;
				TEST_TARGET_NAME = "Game Engine";
			};
			name = Release;
		};
/* End XCBuildConfiguration section */

/* Begin XCConfigurationList section */
		505D1A2A23A2F4E800813A05 /* Build configuration list for PBXProject "Game Engine" */ = {
			isa = XCConfigurationList;
			buildConfigurations = (
				505D1A5323A2F4EB00813A05 /* Debug */,
				505D1A5423A2F4EB00813A05 /* Release */,
			);
			defaultConfigurationIsVisible = 0;
			defaultConfigurationName = Release;
		};
		505D1A5523A2F4EB00813A05 /* Build configuration list for PBXNativeTarget "Game Engine" */ = {
			isa = XCConfigurationList;
			buildConfigurations = (
				505D1A5623A2F4EB00813A05 /* Debug */,
				505D1A5723A2F4EB00813A05 /* Release */,
			);
			defaultConfigurationIsVisible = 0;
			defaultConfigurationName = Release;
		};
		505D1A5823A2F4EB00813A05 /* Build configuration list for PBXNativeTarget "Game EngineTests" */ = {
			isa = XCConfigurationList;
			buildConfigurations = (
				505D1A5923A2F4EB00813A05 /* Debug */,
				505D1A5A23A2F4EB00813A05 /* Release */,
			);
			defaultConfigurationIsVisible = 0;
			defaultConfigurationName = Release;
		};
		505D1A5B23A2F4EB00813A05 /* Build configuration list for PBXNativeTarget "Game EngineUITests" */ = {
			isa = XCConfigurationList;
			buildConfigurations = (
				505D1A5C23A2F4EB00813A05 /* Debug */,
				505D1A5D23A2F4EB00813A05 /* Release */,
			);
			defaultConfigurationIsVisible = 0;
			defaultConfigurationName = Release;
		};
/* End XCConfigurationList section */
	};
	rootObject = 505D1A2723A2F4E800813A05 /* Project object */;
}
