// !$*UTF8*$!
{
	archiveVersion = 1;
	classes = {
	};
	objectVersion = 50;
	objects = {

/* Begin PBXBuildFile section */
		5006CDD9242FB57E00AF58A7 /* PartyPirateParot.png in Resources */ = {isa = PBXBuildFile; fileRef = 5006CDD8242FB57E00AF58A7 /* PartyPirateParot.png */; };
		5006CDDA242FB57E00AF58A7 /* PartyPirateParot.png in Resources */ = {isa = PBXBuildFile; fileRef = 5006CDD8242FB57E00AF58A7 /* PartyPirateParot.png */; };
		50215E1D23A7E42B00B0C166 /* Graphics.swift in Sources */ = {isa = PBXBuildFile; fileRef = 50215E1C23A7E42B00B0C166 /* Graphics.swift */; };
		50215E1F23A7E43B00B0C166 /* Entities.swift in Sources */ = {isa = PBXBuildFile; fileRef = 50215E1E23A7E43B00B0C166 /* Entities.swift */; };
		50215E2223A7E5A300B0C166 /* Library.swift in Sources */ = {isa = PBXBuildFile; fileRef = 50215E2123A7E5A300B0C166 /* Library.swift */; };
		50215E2B23A7F19400B0C166 /* Shared.metal in Sources */ = {isa = PBXBuildFile; fileRef = 50215E2A23A7F19400B0C166 /* Shared.metal */; };
		50215E2D23A7F1C400B0C166 /* BasicShaders.metal in Sources */ = {isa = PBXBuildFile; fileRef = 50215E2C23A7F1C400B0C166 /* BasicShaders.metal */; };
		50215E2F23A7F20700B0C166 /* InstancedShaders.metal in Sources */ = {isa = PBXBuildFile; fileRef = 50215E2E23A7F20700B0C166 /* InstancedShaders.metal */; };
		50215E3123A7F27500B0C166 /* GameTime.swift in Sources */ = {isa = PBXBuildFile; fileRef = 50215E3023A7F27500B0C166 /* GameTime.swift */; };
		50215E3323A7FB2900B0C166 /* Quad.swift in Sources */ = {isa = PBXBuildFile; fileRef = 50215E3223A7FB2900B0C166 /* Quad.swift */; };
		50215E3823A80D0E00B0C166 /* TextureLibrary.swift in Sources */ = {isa = PBXBuildFile; fileRef = 50215E3723A80D0E00B0C166 /* TextureLibrary.swift */; };
		50215E3A23A8111800B0C166 /* SamplerStateLibrary.swift in Sources */ = {isa = PBXBuildFile; fileRef = 50215E3923A8111800B0C166 /* SamplerStateLibrary.swift */; };
		50215E4123A8250700B0C166 /* cruiser.obj in Resources */ = {isa = PBXBuildFile; fileRef = 50215E3E23A8250700B0C166 /* cruiser.obj */; };
		50215E4223A8250700B0C166 /* cruiser.bmp in Resources */ = {isa = PBXBuildFile; fileRef = 50215E3F23A8250700B0C166 /* cruiser.bmp */; };
		50215E4323A8250700B0C166 /* cruiser.mtl in Resources */ = {isa = PBXBuildFile; fileRef = 50215E4023A8250700B0C166 /* cruiser.mtl */; };
		50215E4523A82A0300B0C166 /* Cruiser.swift in Sources */ = {isa = PBXBuildFile; fileRef = 50215E4423A82A0300B0C166 /* Cruiser.swift */; };
		50215E4723A8325C00B0C166 /* LightObject.swift in Sources */ = {isa = PBXBuildFile; fileRef = 50215E4623A8325C00B0C166 /* LightObject.swift */; };
		50215E4923A8337200B0C166 /* LightManager.swift in Sources */ = {isa = PBXBuildFile; fileRef = 50215E4823A8337200B0C166 /* LightManager.swift */; };
		50215E4B23A8355B00B0C166 /* Sun.swift in Sources */ = {isa = PBXBuildFile; fileRef = 50215E4A23A8355B00B0C166 /* Sun.swift */; };
		50215E4D23A8365900B0C166 /* sphere.obj in Resources */ = {isa = PBXBuildFile; fileRef = 50215E4C23A8365900B0C166 /* sphere.obj */; };
		503479E9242FA6DA006A695D /* AppDelegate.swift in Sources */ = {isa = PBXBuildFile; fileRef = 503479E8242FA6DA006A695D /* AppDelegate.swift */; };
		503479EB242FA6DA006A695D /* SceneDelegate.swift in Sources */ = {isa = PBXBuildFile; fileRef = 503479EA242FA6DA006A695D /* SceneDelegate.swift */; };
		503479ED242FA6DA006A695D /* GameView.swift in Sources */ = {isa = PBXBuildFile; fileRef = 503479EC242FA6DA006A695D /* GameView.swift */; };
		503479F0242FA6DA006A695D /* Main.storyboard in Resources */ = {isa = PBXBuildFile; fileRef = 503479EE242FA6DA006A695D /* Main.storyboard */; };
		503479F2242FA6DC006A695D /* Assets.xcassets in Resources */ = {isa = PBXBuildFile; fileRef = 503479F1242FA6DC006A695D /* Assets.xcassets */; };
		503479F5242FA6DC006A695D /* LaunchScreen.storyboard in Resources */ = {isa = PBXBuildFile; fileRef = 503479F3242FA6DC006A695D /* LaunchScreen.storyboard */; };
		503479FA242FA939006A695D /* Engine.swift in Sources */ = {isa = PBXBuildFile; fileRef = 505D1A6923A382D200813A05 /* Engine.swift */; };
		503479FB242FA939006A695D /* GameTime.swift in Sources */ = {isa = PBXBuildFile; fileRef = 50215E3023A7F27500B0C166 /* GameTime.swift */; };
		503479FC242FA939006A695D /* Preferences.swift in Sources */ = {isa = PBXBuildFile; fileRef = 505D1A6B23A3842C00813A05 /* Preferences.swift */; };
		503479FD242FA942006A695D /* MetalTypes.swift in Sources */ = {isa = PBXBuildFile; fileRef = 505D1A6323A313B100813A05 /* MetalTypes.swift */; };
		503479FE242FA942006A695D /* Library.swift in Sources */ = {isa = PBXBuildFile; fileRef = 50215E2123A7E5A300B0C166 /* Library.swift */; };
		503479FF242FA946006A695D /* Keyboard.swift in Sources */ = {isa = PBXBuildFile; fileRef = 5067174923A6C8A500C31239 /* Keyboard.swift */; };
		50347A00242FA946006A695D /* Keycodes.swift in Sources */ = {isa = PBXBuildFile; fileRef = 5067174B23A6C9BE00C31239 /* Keycodes.swift */; };
		50347A01242FA946006A695D /* Mouse.swift in Sources */ = {isa = PBXBuildFile; fileRef = 5067174D23A6CC5700C31239 /* Mouse.swift */; };
		50347A02242FA960006A695D /* Maths.swift in Sources */ = {isa = PBXBuildFile; fileRef = 50BC8EC823A6AAF9003544A5 /* Maths.swift */; };
		50347A03242FA964006A695D /* ColourUtil.swift in Sources */ = {isa = PBXBuildFile; fileRef = 50A4646F23A7B876000D562D /* ColourUtil.swift */; };
		50347A04242FA96F006A695D /* Grass.png in Resources */ = {isa = PBXBuildFile; fileRef = 5069B02024142EFD00B062EB /* Grass.png */; };
		50347A05242FA96F006A695D /* Rocks 1.png in Resources */ = {isa = PBXBuildFile; fileRef = 5069B01D24142EFD00B062EB /* Rocks 1.png */; };
		50347A06242FA96F006A695D /* Rocks 2.png in Resources */ = {isa = PBXBuildFile; fileRef = 5069B02124142EFD00B062EB /* Rocks 2.png */; };
		50347A07242FA96F006A695D /* Sandy grass.png in Resources */ = {isa = PBXBuildFile; fileRef = 5069B01B24142EFD00B062EB /* Sandy grass.png */; };
		50347A08242FA96F006A695D /* Snow.png in Resources */ = {isa = PBXBuildFile; fileRef = 5069B01E24142EFD00B062EB /* Snow.png */; };
		50347A09242FA96F006A695D /* Stony ground.png in Resources */ = {isa = PBXBuildFile; fileRef = 5069B01F24142EFD00B062EB /* Stony ground.png */; };
		50347A0A242FA96F006A695D /* Water.png in Resources */ = {isa = PBXBuildFile; fileRef = 5069B01C24142EFD00B062EB /* Water.png */; };
		50347A0B242FA974006A695D /* up.png in Resources */ = {isa = PBXBuildFile; fileRef = 509522872413E6D000124D30 /* up.png */; };
		50347A0C242FA974006A695D /* back.png in Resources */ = {isa = PBXBuildFile; fileRef = 5095227B2413E46600124D30 /* back.png */; };
		50347A0D242FA974006A695D /* down.png in Resources */ = {isa = PBXBuildFile; fileRef = 5095227D2413E46600124D30 /* down.png */; };
		50347A0E242FA974006A695D /* front.png in Resources */ = {isa = PBXBuildFile; fileRef = 5095227E2413E46600124D30 /* front.png */; };
		50347A0F242FA974006A695D /* left.png in Resources */ = {isa = PBXBuildFile; fileRef = 5095227C2413E46600124D30 /* left.png */; };
		50347A10242FA974006A695D /* right.png in Resources */ = {isa = PBXBuildFile; fileRef = 5095227F2413E46600124D30 /* right.png */; };
		50347A11242FA979006A695D /* waterNormalMap.png in Resources */ = {isa = PBXBuildFile; fileRef = 509C9367240DD25B00500CA7 /* waterNormalMap.png */; };
		50347A12242FA979006A695D /* waterDUDV.png in Resources */ = {isa = PBXBuildFile; fileRef = 509C9365240DD25200500CA7 /* waterDUDV.png */; };
		50347A13242FA979006A695D /* sphere.obj in Resources */ = {isa = PBXBuildFile; fileRef = 50215E4C23A8365900B0C166 /* sphere.obj */; };
		50347A15242FA980006A695D /* cruiser.bmp in Resources */ = {isa = PBXBuildFile; fileRef = 50215E3F23A8250700B0C166 /* cruiser.bmp */; };
		50347A16242FA980006A695D /* cruiser.mtl in Resources */ = {isa = PBXBuildFile; fileRef = 50215E4023A8250700B0C166 /* cruiser.mtl */; };
		50347A17242FA980006A695D /* cruiser.obj in Resources */ = {isa = PBXBuildFile; fileRef = 50215E3E23A8250700B0C166 /* cruiser.obj */; };
		50347A18242FA987006A695D /* MeshLibrary.swift in Sources */ = {isa = PBXBuildFile; fileRef = 50BC8EBD23A670ED003544A5 /* MeshLibrary.swift */; };
		50347A19242FA987006A695D /* TextureLibrary.swift in Sources */ = {isa = PBXBuildFile; fileRef = 50215E3723A80D0E00B0C166 /* TextureLibrary.swift */; };
		50347A1A242FA989006A695D /* Entities.swift in Sources */ = {isa = PBXBuildFile; fileRef = 50215E1E23A7E43B00B0C166 /* Entities.swift */; };
		50347A1B242FA9E7006A695D /* Graphics.swift in Sources */ = {isa = PBXBuildFile; fileRef = 50215E1C23A7E42B00B0C166 /* Graphics.swift */; };
		50347A1C242FA9EA006A695D /* ShaderLibrary.swift in Sources */ = {isa = PBXBuildFile; fileRef = 503B90DB23AF9C4800F30DBE /* ShaderLibrary.swift */; };
		50347A1D242FA9EA006A695D /* VertexDescriptorLibrary.swift in Sources */ = {isa = PBXBuildFile; fileRef = 50BC8EB223A53FA6003544A5 /* VertexDescriptorLibrary.swift */; };
		50347A1E242FA9EA006A695D /* RenderPipelineStateLibrary.swift in Sources */ = {isa = PBXBuildFile; fileRef = 50BC8EB623A545BF003544A5 /* RenderPipelineStateLibrary.swift */; };
		50347A1F242FA9EA006A695D /* DepthStencilStateLibrary.swift in Sources */ = {isa = PBXBuildFile; fileRef = 50A4646C23A712D4000D562D /* DepthStencilStateLibrary.swift */; };
		50347A20242FA9EA006A695D /* SamplerStateLibrary.swift in Sources */ = {isa = PBXBuildFile; fileRef = 50215E3923A8111800B0C166 /* SamplerStateLibrary.swift */; };
		50347A21242FA9F0006A695D /* SceneManager.swift in Sources */ = {isa = PBXBuildFile; fileRef = 50BC8ED023A6BD65003544A5 /* SceneManager.swift */; };
		50347A22242FA9F0006A695D /* CameraManager.swift in Sources */ = {isa = PBXBuildFile; fileRef = 50A4646823A707F5000D562D /* CameraManager.swift */; };
		50347A23242FA9F0006A695D /* LightManager.swift in Sources */ = {isa = PBXBuildFile; fileRef = 50215E4823A8337200B0C166 /* LightManager.swift */; };
		50347A24242FA9F4006A695D /* Node.swift in Sources */ = {isa = PBXBuildFile; fileRef = 50BC8EC123A67591003544A5 /* Node.swift */; };
		50347A25242FA9F8006A695D /* MapGenerator.swift in Sources */ = {isa = PBXBuildFile; fileRef = 50DABBFF23BAAA1000E95FDE /* MapGenerator.swift */; };
		50347A26242FA9F8006A695D /* Noise.swift in Sources */ = {isa = PBXBuildFile; fileRef = 50DABBFB23BAA0D200E95FDE /* Noise.swift */; };
		50347A27242FA9F8006A695D /* ImprovedPerlin.swift in Sources */ = {isa = PBXBuildFile; fileRef = 50DABC0323BBBE6400E95FDE /* ImprovedPerlin.swift */; };
		50347A28242FA9F8006A695D /* SeededRandom.swift in Sources */ = {isa = PBXBuildFile; fileRef = 5057803923BC21BD0088F513 /* SeededRandom.swift */; };
		50347A29242FA9F8006A695D /* EndlessTerrain.swift in Sources */ = {isa = PBXBuildFile; fileRef = 508502EA2402EF03002ADFB1 /* EndlessTerrain.swift */; };
		50347A2A242FA9FC006A695D /* Scene.swift in Sources */ = {isa = PBXBuildFile; fileRef = 50BC8ECB23A6B5D6003544A5 /* Scene.swift */; };
		50347A2B242FA9FC006A695D /* SandboxScene.swift in Sources */ = {isa = PBXBuildFile; fileRef = 50BC8ECD23A6BBCF003544A5 /* SandboxScene.swift */; };
		50347A2C242FA9FC006A695D /* DefaultScene.swift in Sources */ = {isa = PBXBuildFile; fileRef = 50DABBF623BA77D400E95FDE /* DefaultScene.swift */; };
		50347A2D242FA9FC006A695D /* TerrainScene.swift in Sources */ = {isa = PBXBuildFile; fileRef = 50C94CFD240BF2FD00A56AD8 /* TerrainScene.swift */; };
		50347A2E242FAA01006A695D /* GameObject.swift in Sources */ = {isa = PBXBuildFile; fileRef = 50BC8EB923A669A8003544A5 /* GameObject.swift */; };
		50347A2F242FAA01006A695D /* InstancedGameObject.swift in Sources */ = {isa = PBXBuildFile; fileRef = 50A4647123A7BF00000D562D /* InstancedGameObject.swift */; };
		50347A30242FAA01006A695D /* Pointer.swift in Sources */ = {isa = PBXBuildFile; fileRef = 50BC8EBF23A67479003544A5 /* Pointer.swift */; };
		50347A31242FAA01006A695D /* Cube.swift in Sources */ = {isa = PBXBuildFile; fileRef = 50A4646A23A710F7000D562D /* Cube.swift */; };
		50347A32242FAA01006A695D /* CubeCollection.swift in Sources */ = {isa = PBXBuildFile; fileRef = 50A4647323A7C598000D562D /* CubeCollection.swift */; };
		50347A33242FAA01006A695D /* Quad.swift in Sources */ = {isa = PBXBuildFile; fileRef = 50215E3223A7FB2900B0C166 /* Quad.swift */; };
		50347A34242FAA01006A695D /* Cruiser.swift in Sources */ = {isa = PBXBuildFile; fileRef = 50215E4423A82A0300B0C166 /* Cruiser.swift */; };
		50347A35242FAA01006A695D /* LightObject.swift in Sources */ = {isa = PBXBuildFile; fileRef = 50215E4623A8325C00B0C166 /* LightObject.swift */; };
		50347A36242FAA01006A695D /* Sun.swift in Sources */ = {isa = PBXBuildFile; fileRef = 50215E4A23A8355B00B0C166 /* Sun.swift */; };
		50347A37242FAA01006A695D /* Plane.swift in Sources */ = {isa = PBXBuildFile; fileRef = 50DABBF823BA7D2C00E95FDE /* Plane.swift */; };
		50347A38242FAA01006A695D /* WaterQuad.swift in Sources */ = {isa = PBXBuildFile; fileRef = 50BEE125240C2EE100DCCCD3 /* WaterQuad.swift */; };
		50347A39242FAA01006A695D /* SkyBox.swift in Sources */ = {isa = PBXBuildFile; fileRef = 505092AF241065C5005EE0F5 /* SkyBox.swift */; };
		50347A3A242FAA01006A695D /* Water.swift in Sources */ = {isa = PBXBuildFile; fileRef = 50A0465C241077CE00B6E474 /* Water.swift */; };
		50347A3B242FAA01006A695D /* Terrain.swift in Sources */ = {isa = PBXBuildFile; fileRef = 5069B016241417AB00B062EB /* Terrain.swift */; };
		50347A3C242FAA06006A695D /* Camera.swift in Sources */ = {isa = PBXBuildFile; fileRef = 50A4646423A704D7000D562D /* Camera.swift */; };
		50347A3D242FAA06006A695D /* DebugCamera.swift in Sources */ = {isa = PBXBuildFile; fileRef = 50A4646623A705B9000D562D /* DebugCamera.swift */; };
		50347A3E242FAA09006A695D /* Renderable.swift in Sources */ = {isa = PBXBuildFile; fileRef = 50BC8EC423A6771B003544A5 /* Renderable.swift */; };
		50347A3F242FAA25006A695D /* Renderer.swift in Sources */ = {isa = PBXBuildFile; fileRef = 50BC8EBB23A66B60003544A5 /* Renderer.swift */; };
		50347A40242FAF17006A695D /* Shared.metal in Sources */ = {isa = PBXBuildFile; fileRef = 50215E2A23A7F19400B0C166 /* Shared.metal */; };
		50347A41242FAF17006A695D /* BasicShaders.metal in Sources */ = {isa = PBXBuildFile; fileRef = 50215E2C23A7F1C400B0C166 /* BasicShaders.metal */; };
		50347A42242FAF17006A695D /* InstancedShaders.metal in Sources */ = {isa = PBXBuildFile; fileRef = 50215E2E23A7F20700B0C166 /* InstancedShaders.metal */; };
		50347A43242FAF17006A695D /* Lighting.metal in Sources */ = {isa = PBXBuildFile; fileRef = 503B90DD23AFCA7600F30DBE /* Lighting.metal */; };
		50347A44242FAF17006A695D /* WaterShaders.metal in Sources */ = {isa = PBXBuildFile; fileRef = 50BEE123240C2BB700DCCCD3 /* WaterShaders.metal */; };
		50347A45242FAF17006A695D /* SkyBoxShaders.metal in Sources */ = {isa = PBXBuildFile; fileRef = 505092B12410665A005EE0F5 /* SkyBoxShaders.metal */; };
		50347A46242FAF17006A695D /* TerrainShaders.metal in Sources */ = {isa = PBXBuildFile; fileRef = 5069B0182414190E00B062EB /* TerrainShaders.metal */; };
		503B90DC23AF9C4800F30DBE /* ShaderLibrary.swift in Sources */ = {isa = PBXBuildFile; fileRef = 503B90DB23AF9C4800F30DBE /* ShaderLibrary.swift */; };
		503B90DE23AFCA7600F30DBE /* Lighting.metal in Sources */ = {isa = PBXBuildFile; fileRef = 503B90DD23AFCA7600F30DBE /* Lighting.metal */; };
		505092B0241065C5005EE0F5 /* SkyBox.swift in Sources */ = {isa = PBXBuildFile; fileRef = 505092AF241065C5005EE0F5 /* SkyBox.swift */; };
		505092B22410665A005EE0F5 /* SkyBoxShaders.metal in Sources */ = {isa = PBXBuildFile; fileRef = 505092B12410665A005EE0F5 /* SkyBoxShaders.metal */; };
		5057803A23BC21BD0088F513 /* SeededRandom.swift in Sources */ = {isa = PBXBuildFile; fileRef = 5057803923BC21BD0088F513 /* SeededRandom.swift */; };
		505D1A3323A2F4E800813A05 /* AppDelegate.swift in Sources */ = {isa = PBXBuildFile; fileRef = 505D1A3223A2F4E800813A05 /* AppDelegate.swift */; };
		505D1A3723A2F4EA00813A05 /* Assets.xcassets in Resources */ = {isa = PBXBuildFile; fileRef = 505D1A3623A2F4EA00813A05 /* Assets.xcassets */; };
		505D1A3A23A2F4EA00813A05 /* Main.storyboard in Resources */ = {isa = PBXBuildFile; fileRef = 505D1A3823A2F4EA00813A05 /* Main.storyboard */; };
		505D1A6023A2FCCF00813A05 /* GameView.swift in Sources */ = {isa = PBXBuildFile; fileRef = 505D1A5F23A2FCCF00813A05 /* GameView.swift */; };
		505D1A6423A313B100813A05 /* MetalTypes.swift in Sources */ = {isa = PBXBuildFile; fileRef = 505D1A6323A313B100813A05 /* MetalTypes.swift */; };
		505D1A6A23A382D200813A05 /* Engine.swift in Sources */ = {isa = PBXBuildFile; fileRef = 505D1A6923A382D200813A05 /* Engine.swift */; };
		505D1A6C23A3842C00813A05 /* Preferences.swift in Sources */ = {isa = PBXBuildFile; fileRef = 505D1A6B23A3842C00813A05 /* Preferences.swift */; };
		5067174A23A6C8A500C31239 /* Keyboard.swift in Sources */ = {isa = PBXBuildFile; fileRef = 5067174923A6C8A500C31239 /* Keyboard.swift */; };
		5067174C23A6C9BE00C31239 /* Keycodes.swift in Sources */ = {isa = PBXBuildFile; fileRef = 5067174B23A6C9BE00C31239 /* Keycodes.swift */; };
		5067174E23A6CC5700C31239 /* Mouse.swift in Sources */ = {isa = PBXBuildFile; fileRef = 5067174D23A6CC5700C31239 /* Mouse.swift */; };
		5069B017241417AB00B062EB /* Terrain.swift in Sources */ = {isa = PBXBuildFile; fileRef = 5069B016241417AB00B062EB /* Terrain.swift */; };
		5069B0192414190E00B062EB /* TerrainShaders.metal in Sources */ = {isa = PBXBuildFile; fileRef = 5069B0182414190E00B062EB /* TerrainShaders.metal */; };
		5069B02224142EFD00B062EB /* Sandy grass.png in Resources */ = {isa = PBXBuildFile; fileRef = 5069B01B24142EFD00B062EB /* Sandy grass.png */; };
		5069B02324142EFD00B062EB /* Water.png in Resources */ = {isa = PBXBuildFile; fileRef = 5069B01C24142EFD00B062EB /* Water.png */; };
		5069B02424142EFD00B062EB /* Rocks 1.png in Resources */ = {isa = PBXBuildFile; fileRef = 5069B01D24142EFD00B062EB /* Rocks 1.png */; };
		5069B02524142EFD00B062EB /* Snow.png in Resources */ = {isa = PBXBuildFile; fileRef = 5069B01E24142EFD00B062EB /* Snow.png */; };
		5069B02624142EFD00B062EB /* Stony ground.png in Resources */ = {isa = PBXBuildFile; fileRef = 5069B01F24142EFD00B062EB /* Stony ground.png */; };
		5069B02724142EFD00B062EB /* Grass.png in Resources */ = {isa = PBXBuildFile; fileRef = 5069B02024142EFD00B062EB /* Grass.png */; };
		5069B02824142EFD00B062EB /* Rocks 2.png in Resources */ = {isa = PBXBuildFile; fileRef = 5069B02124142EFD00B062EB /* Rocks 2.png */; };
		508502EB2402EF03002ADFB1 /* EndlessTerrain.swift in Sources */ = {isa = PBXBuildFile; fileRef = 508502EA2402EF03002ADFB1 /* EndlessTerrain.swift */; };
		5092159B2430DAC100725048 /* Controller.swift in Sources */ = {isa = PBXBuildFile; fileRef = 5092159A2430DAC100725048 /* Controller.swift */; };
		5092159C2430E49500725048 /* Controller.swift in Sources */ = {isa = PBXBuildFile; fileRef = 5092159A2430DAC100725048 /* Controller.swift */; };
		509522812413E46700124D30 /* back.png in Resources */ = {isa = PBXBuildFile; fileRef = 5095227B2413E46600124D30 /* back.png */; };
		509522822413E46700124D30 /* left.png in Resources */ = {isa = PBXBuildFile; fileRef = 5095227C2413E46600124D30 /* left.png */; };
		509522832413E46700124D30 /* down.png in Resources */ = {isa = PBXBuildFile; fileRef = 5095227D2413E46600124D30 /* down.png */; };
		509522842413E46700124D30 /* front.png in Resources */ = {isa = PBXBuildFile; fileRef = 5095227E2413E46600124D30 /* front.png */; };
		509522852413E46700124D30 /* right.png in Resources */ = {isa = PBXBuildFile; fileRef = 5095227F2413E46600124D30 /* right.png */; };
		509522882413E6D000124D30 /* up.png in Resources */ = {isa = PBXBuildFile; fileRef = 509522872413E6D000124D30 /* up.png */; };
		509C9366240DD25200500CA7 /* waterDUDV.png in Resources */ = {isa = PBXBuildFile; fileRef = 509C9365240DD25200500CA7 /* waterDUDV.png */; };
		509C9368240DD25B00500CA7 /* waterNormalMap.png in Resources */ = {isa = PBXBuildFile; fileRef = 509C9367240DD25B00500CA7 /* waterNormalMap.png */; };
		50A0465D241077CE00B6E474 /* Water.swift in Sources */ = {isa = PBXBuildFile; fileRef = 50A0465C241077CE00B6E474 /* Water.swift */; };
		50A4646523A704D7000D562D /* Camera.swift in Sources */ = {isa = PBXBuildFile; fileRef = 50A4646423A704D7000D562D /* Camera.swift */; };
		50A4646723A705B9000D562D /* DebugCamera.swift in Sources */ = {isa = PBXBuildFile; fileRef = 50A4646623A705B9000D562D /* DebugCamera.swift */; };
		50A4646923A707F5000D562D /* CameraManager.swift in Sources */ = {isa = PBXBuildFile; fileRef = 50A4646823A707F5000D562D /* CameraManager.swift */; };
		50A4646B23A710F7000D562D /* Cube.swift in Sources */ = {isa = PBXBuildFile; fileRef = 50A4646A23A710F7000D562D /* Cube.swift */; };
		50A4646D23A712D4000D562D /* DepthStencilStateLibrary.swift in Sources */ = {isa = PBXBuildFile; fileRef = 50A4646C23A712D4000D562D /* DepthStencilStateLibrary.swift */; };
		50A4647023A7B876000D562D /* ColourUtil.swift in Sources */ = {isa = PBXBuildFile; fileRef = 50A4646F23A7B876000D562D /* ColourUtil.swift */; };
		50A4647223A7BF00000D562D /* InstancedGameObject.swift in Sources */ = {isa = PBXBuildFile; fileRef = 50A4647123A7BF00000D562D /* InstancedGameObject.swift */; };
		50A4647423A7C598000D562D /* CubeCollection.swift in Sources */ = {isa = PBXBuildFile; fileRef = 50A4647323A7C598000D562D /* CubeCollection.swift */; };
		50BC8EB323A53FA6003544A5 /* VertexDescriptorLibrary.swift in Sources */ = {isa = PBXBuildFile; fileRef = 50BC8EB223A53FA6003544A5 /* VertexDescriptorLibrary.swift */; };
		50BC8EB723A545BF003544A5 /* RenderPipelineStateLibrary.swift in Sources */ = {isa = PBXBuildFile; fileRef = 50BC8EB623A545BF003544A5 /* RenderPipelineStateLibrary.swift */; };
		50BC8EBA23A669A8003544A5 /* GameObject.swift in Sources */ = {isa = PBXBuildFile; fileRef = 50BC8EB923A669A8003544A5 /* GameObject.swift */; };
		50BC8EBC23A66B60003544A5 /* Renderer.swift in Sources */ = {isa = PBXBuildFile; fileRef = 50BC8EBB23A66B60003544A5 /* Renderer.swift */; };
		50BC8EBE23A670ED003544A5 /* MeshLibrary.swift in Sources */ = {isa = PBXBuildFile; fileRef = 50BC8EBD23A670ED003544A5 /* MeshLibrary.swift */; };
		50BC8EC023A67479003544A5 /* Pointer.swift in Sources */ = {isa = PBXBuildFile; fileRef = 50BC8EBF23A67479003544A5 /* Pointer.swift */; };
		50BC8EC223A67591003544A5 /* Node.swift in Sources */ = {isa = PBXBuildFile; fileRef = 50BC8EC123A67591003544A5 /* Node.swift */; };
		50BC8EC523A6771B003544A5 /* Renderable.swift in Sources */ = {isa = PBXBuildFile; fileRef = 50BC8EC423A6771B003544A5 /* Renderable.swift */; };
		50BC8EC923A6AAF9003544A5 /* Maths.swift in Sources */ = {isa = PBXBuildFile; fileRef = 50BC8EC823A6AAF9003544A5 /* Maths.swift */; };
		50BC8ECC23A6B5D6003544A5 /* Scene.swift in Sources */ = {isa = PBXBuildFile; fileRef = 50BC8ECB23A6B5D6003544A5 /* Scene.swift */; };
		50BC8ECE23A6BBCF003544A5 /* SandboxScene.swift in Sources */ = {isa = PBXBuildFile; fileRef = 50BC8ECD23A6BBCF003544A5 /* SandboxScene.swift */; };
		50BC8ED123A6BD65003544A5 /* SceneManager.swift in Sources */ = {isa = PBXBuildFile; fileRef = 50BC8ED023A6BD65003544A5 /* SceneManager.swift */; };
		50BEE124240C2BB700DCCCD3 /* WaterShaders.metal in Sources */ = {isa = PBXBuildFile; fileRef = 50BEE123240C2BB700DCCCD3 /* WaterShaders.metal */; };
		50BEE126240C2EE100DCCCD3 /* WaterQuad.swift in Sources */ = {isa = PBXBuildFile; fileRef = 50BEE125240C2EE100DCCCD3 /* WaterQuad.swift */; };
		50C94CFE240BF2FD00A56AD8 /* TerrainScene.swift in Sources */ = {isa = PBXBuildFile; fileRef = 50C94CFD240BF2FD00A56AD8 /* TerrainScene.swift */; };
		50DABBF723BA77D400E95FDE /* DefaultScene.swift in Sources */ = {isa = PBXBuildFile; fileRef = 50DABBF623BA77D400E95FDE /* DefaultScene.swift */; };
		50DABBF923BA7D2C00E95FDE /* Plane.swift in Sources */ = {isa = PBXBuildFile; fileRef = 50DABBF823BA7D2C00E95FDE /* Plane.swift */; };
		50DABBFC23BAA0D200E95FDE /* Noise.swift in Sources */ = {isa = PBXBuildFile; fileRef = 50DABBFB23BAA0D200E95FDE /* Noise.swift */; };
		50DABC0023BAAA1000E95FDE /* MapGenerator.swift in Sources */ = {isa = PBXBuildFile; fileRef = 50DABBFF23BAAA1000E95FDE /* MapGenerator.swift */; };
		50DABC0423BBBE6400E95FDE /* ImprovedPerlin.swift in Sources */ = {isa = PBXBuildFile; fileRef = 50DABC0323BBBE6400E95FDE /* ImprovedPerlin.swift */; };
/* End PBXBuildFile section */

/* Begin PBXFileReference section */
		5006CDD8242FB57E00AF58A7 /* PartyPirateParot.png */ = {isa = PBXFileReference; lastKnownFileType = image.png; path = PartyPirateParot.png; sourceTree = "<group>"; };
		50215E1C23A7E42B00B0C166 /* Graphics.swift */ = {isa = PBXFileReference; lastKnownFileType = sourcecode.swift; path = Graphics.swift; sourceTree = "<group>"; };
		50215E1E23A7E43B00B0C166 /* Entities.swift */ = {isa = PBXFileReference; lastKnownFileType = sourcecode.swift; path = Entities.swift; sourceTree = "<group>"; };
		50215E2123A7E5A300B0C166 /* Library.swift */ = {isa = PBXFileReference; lastKnownFileType = sourcecode.swift; path = Library.swift; sourceTree = "<group>"; };
		50215E2A23A7F19400B0C166 /* Shared.metal */ = {isa = PBXFileReference; lastKnownFileType = sourcecode.metal; path = Shared.metal; sourceTree = "<group>"; };
		50215E2C23A7F1C400B0C166 /* BasicShaders.metal */ = {isa = PBXFileReference; lastKnownFileType = sourcecode.metal; path = BasicShaders.metal; sourceTree = "<group>"; };
		50215E2E23A7F20700B0C166 /* InstancedShaders.metal */ = {isa = PBXFileReference; lastKnownFileType = sourcecode.metal; path = InstancedShaders.metal; sourceTree = "<group>"; };
		50215E3023A7F27500B0C166 /* GameTime.swift */ = {isa = PBXFileReference; lastKnownFileType = sourcecode.swift; path = GameTime.swift; sourceTree = "<group>"; };
		50215E3223A7FB2900B0C166 /* Quad.swift */ = {isa = PBXFileReference; lastKnownFileType = sourcecode.swift; path = Quad.swift; sourceTree = "<group>"; };
		50215E3723A80D0E00B0C166 /* TextureLibrary.swift */ = {isa = PBXFileReference; lastKnownFileType = sourcecode.swift; path = TextureLibrary.swift; sourceTree = "<group>"; };
		50215E3923A8111800B0C166 /* SamplerStateLibrary.swift */ = {isa = PBXFileReference; lastKnownFileType = sourcecode.swift; path = SamplerStateLibrary.swift; sourceTree = "<group>"; };
		50215E3E23A8250700B0C166 /* cruiser.obj */ = {isa = PBXFileReference; fileEncoding = 4; lastKnownFileType = text; path = cruiser.obj; sourceTree = "<group>"; };
		50215E3F23A8250700B0C166 /* cruiser.bmp */ = {isa = PBXFileReference; lastKnownFileType = image.bmp; path = cruiser.bmp; sourceTree = "<group>"; };
		50215E4023A8250700B0C166 /* cruiser.mtl */ = {isa = PBXFileReference; fileEncoding = 4; lastKnownFileType = text; path = cruiser.mtl; sourceTree = "<group>"; };
		50215E4423A82A0300B0C166 /* Cruiser.swift */ = {isa = PBXFileReference; lastKnownFileType = sourcecode.swift; path = Cruiser.swift; sourceTree = "<group>"; };
		50215E4623A8325C00B0C166 /* LightObject.swift */ = {isa = PBXFileReference; lastKnownFileType = sourcecode.swift; path = LightObject.swift; sourceTree = "<group>"; };
		50215E4823A8337200B0C166 /* LightManager.swift */ = {isa = PBXFileReference; lastKnownFileType = sourcecode.swift; path = LightManager.swift; sourceTree = "<group>"; };
		50215E4A23A8355B00B0C166 /* Sun.swift */ = {isa = PBXFileReference; lastKnownFileType = sourcecode.swift; path = Sun.swift; sourceTree = "<group>"; };
		50215E4C23A8365900B0C166 /* sphere.obj */ = {isa = PBXFileReference; fileEncoding = 4; lastKnownFileType = text; path = sphere.obj; sourceTree = "<group>"; };
		503479E6242FA6DA006A695D /* Game Engine-iOS.app */ = {isa = PBXFileReference; explicitFileType = wrapper.application; includeInIndex = 0; path = "Game Engine-iOS.app"; sourceTree = BUILT_PRODUCTS_DIR; };
		503479E8242FA6DA006A695D /* AppDelegate.swift */ = {isa = PBXFileReference; lastKnownFileType = sourcecode.swift; path = AppDelegate.swift; sourceTree = "<group>"; };
		503479EA242FA6DA006A695D /* SceneDelegate.swift */ = {isa = PBXFileReference; lastKnownFileType = sourcecode.swift; path = SceneDelegate.swift; sourceTree = "<group>"; };
		503479EC242FA6DA006A695D /* GameView.swift */ = {isa = PBXFileReference; lastKnownFileType = sourcecode.swift; path = GameView.swift; sourceTree = "<group>"; };
		503479EF242FA6DA006A695D /* Base */ = {isa = PBXFileReference; lastKnownFileType = file.storyboard; name = Base; path = Base.lproj/Main.storyboard; sourceTree = "<group>"; };
		503479F1242FA6DC006A695D /* Assets.xcassets */ = {isa = PBXFileReference; lastKnownFileType = folder.assetcatalog; path = Assets.xcassets; sourceTree = "<group>"; };
		503479F4242FA6DC006A695D /* Base */ = {isa = PBXFileReference; lastKnownFileType = file.storyboard; name = Base; path = Base.lproj/LaunchScreen.storyboard; sourceTree = "<group>"; };
		503479F6242FA6DC006A695D /* Info.plist */ = {isa = PBXFileReference; lastKnownFileType = text.plist.xml; path = Info.plist; sourceTree = "<group>"; };
		503B90DB23AF9C4800F30DBE /* ShaderLibrary.swift */ = {isa = PBXFileReference; lastKnownFileType = sourcecode.swift; path = ShaderLibrary.swift; sourceTree = "<group>"; };
		503B90DD23AFCA7600F30DBE /* Lighting.metal */ = {isa = PBXFileReference; lastKnownFileType = sourcecode.metal; path = Lighting.metal; sourceTree = "<group>"; };
		505092AF241065C5005EE0F5 /* SkyBox.swift */ = {isa = PBXFileReference; lastKnownFileType = sourcecode.swift; path = SkyBox.swift; sourceTree = "<group>"; };
		505092B12410665A005EE0F5 /* SkyBoxShaders.metal */ = {isa = PBXFileReference; lastKnownFileType = sourcecode.metal; path = SkyBoxShaders.metal; sourceTree = "<group>"; };
		5057803923BC21BD0088F513 /* SeededRandom.swift */ = {isa = PBXFileReference; lastKnownFileType = sourcecode.swift; path = SeededRandom.swift; sourceTree = "<group>"; };
		505D1A2F23A2F4E800813A05 /* Game Engine-macOS.app */ = {isa = PBXFileReference; explicitFileType = wrapper.application; includeInIndex = 0; path = "Game Engine-macOS.app"; sourceTree = BUILT_PRODUCTS_DIR; };
		505D1A3223A2F4E800813A05 /* AppDelegate.swift */ = {isa = PBXFileReference; lastKnownFileType = sourcecode.swift; path = AppDelegate.swift; sourceTree = "<group>"; };
		505D1A3623A2F4EA00813A05 /* Assets.xcassets */ = {isa = PBXFileReference; lastKnownFileType = folder.assetcatalog; path = Assets.xcassets; sourceTree = "<group>"; };
		505D1A3923A2F4EA00813A05 /* Base */ = {isa = PBXFileReference; lastKnownFileType = file.storyboard; name = Base; path = Base.lproj/Main.storyboard; sourceTree = "<group>"; };
		505D1A3B23A2F4EA00813A05 /* Info.plist */ = {isa = PBXFileReference; lastKnownFileType = text.plist.xml; path = Info.plist; sourceTree = "<group>"; };
		505D1A3C23A2F4EA00813A05 /* Game_Engine.entitlements */ = {isa = PBXFileReference; lastKnownFileType = text.plist.entitlements; path = Game_Engine.entitlements; sourceTree = "<group>"; };
		505D1A5F23A2FCCF00813A05 /* GameView.swift */ = {isa = PBXFileReference; lastKnownFileType = sourcecode.swift; path = GameView.swift; sourceTree = "<group>"; };
		505D1A6323A313B100813A05 /* MetalTypes.swift */ = {isa = PBXFileReference; lastKnownFileType = sourcecode.swift; path = MetalTypes.swift; sourceTree = "<group>"; };
		505D1A6923A382D200813A05 /* Engine.swift */ = {isa = PBXFileReference; lastKnownFileType = sourcecode.swift; path = Engine.swift; sourceTree = "<group>"; };
		505D1A6B23A3842C00813A05 /* Preferences.swift */ = {isa = PBXFileReference; lastKnownFileType = sourcecode.swift; path = Preferences.swift; sourceTree = "<group>"; };
		5067174923A6C8A500C31239 /* Keyboard.swift */ = {isa = PBXFileReference; lastKnownFileType = sourcecode.swift; path = Keyboard.swift; sourceTree = "<group>"; };
		5067174B23A6C9BE00C31239 /* Keycodes.swift */ = {isa = PBXFileReference; lastKnownFileType = sourcecode.swift; path = Keycodes.swift; sourceTree = "<group>"; };
		5067174D23A6CC5700C31239 /* Mouse.swift */ = {isa = PBXFileReference; lastKnownFileType = sourcecode.swift; path = Mouse.swift; sourceTree = "<group>"; };
		5069B016241417AB00B062EB /* Terrain.swift */ = {isa = PBXFileReference; lastKnownFileType = sourcecode.swift; path = Terrain.swift; sourceTree = "<group>"; };
		5069B0182414190E00B062EB /* TerrainShaders.metal */ = {isa = PBXFileReference; lastKnownFileType = sourcecode.metal; path = TerrainShaders.metal; sourceTree = "<group>"; };
		5069B01B24142EFD00B062EB /* Sandy grass.png */ = {isa = PBXFileReference; lastKnownFileType = image.png; path = "Sandy grass.png"; sourceTree = "<group>"; };
		5069B01C24142EFD00B062EB /* Water.png */ = {isa = PBXFileReference; lastKnownFileType = image.png; path = Water.png; sourceTree = "<group>"; };
		5069B01D24142EFD00B062EB /* Rocks 1.png */ = {isa = PBXFileReference; lastKnownFileType = image.png; path = "Rocks 1.png"; sourceTree = "<group>"; };
		5069B01E24142EFD00B062EB /* Snow.png */ = {isa = PBXFileReference; lastKnownFileType = image.png; path = Snow.png; sourceTree = "<group>"; };
		5069B01F24142EFD00B062EB /* Stony ground.png */ = {isa = PBXFileReference; lastKnownFileType = image.png; path = "Stony ground.png"; sourceTree = "<group>"; };
		5069B02024142EFD00B062EB /* Grass.png */ = {isa = PBXFileReference; lastKnownFileType = image.png; path = Grass.png; sourceTree = "<group>"; };
		5069B02124142EFD00B062EB /* Rocks 2.png */ = {isa = PBXFileReference; lastKnownFileType = image.png; path = "Rocks 2.png"; sourceTree = "<group>"; };
		508502EA2402EF03002ADFB1 /* EndlessTerrain.swift */ = {isa = PBXFileReference; lastKnownFileType = sourcecode.swift; path = EndlessTerrain.swift; sourceTree = "<group>"; };
		5092159A2430DAC100725048 /* Controller.swift */ = {isa = PBXFileReference; lastKnownFileType = sourcecode.swift; path = Controller.swift; sourceTree = "<group>"; };
		5095227B2413E46600124D30 /* back.png */ = {isa = PBXFileReference; lastKnownFileType = image.png; path = back.png; sourceTree = "<group>"; };
		5095227C2413E46600124D30 /* left.png */ = {isa = PBXFileReference; lastKnownFileType = image.png; path = left.png; sourceTree = "<group>"; };
		5095227D2413E46600124D30 /* down.png */ = {isa = PBXFileReference; lastKnownFileType = image.png; path = down.png; sourceTree = "<group>"; };
		5095227E2413E46600124D30 /* front.png */ = {isa = PBXFileReference; lastKnownFileType = image.png; path = front.png; sourceTree = "<group>"; };
		5095227F2413E46600124D30 /* right.png */ = {isa = PBXFileReference; lastKnownFileType = image.png; path = right.png; sourceTree = "<group>"; };
		509522872413E6D000124D30 /* up.png */ = {isa = PBXFileReference; lastKnownFileType = image.png; path = up.png; sourceTree = "<group>"; };
		509C9365240DD25200500CA7 /* waterDUDV.png */ = {isa = PBXFileReference; lastKnownFileType = image.png; path = waterDUDV.png; sourceTree = "<group>"; };
		509C9367240DD25B00500CA7 /* waterNormalMap.png */ = {isa = PBXFileReference; lastKnownFileType = image.png; path = waterNormalMap.png; sourceTree = "<group>"; };
		50A0465C241077CE00B6E474 /* Water.swift */ = {isa = PBXFileReference; lastKnownFileType = sourcecode.swift; path = Water.swift; sourceTree = "<group>"; };
		50A4646423A704D7000D562D /* Camera.swift */ = {isa = PBXFileReference; lastKnownFileType = sourcecode.swift; path = Camera.swift; sourceTree = "<group>"; };
		50A4646623A705B9000D562D /* DebugCamera.swift */ = {isa = PBXFileReference; lastKnownFileType = sourcecode.swift; path = DebugCamera.swift; sourceTree = "<group>"; };
		50A4646823A707F5000D562D /* CameraManager.swift */ = {isa = PBXFileReference; lastKnownFileType = sourcecode.swift; path = CameraManager.swift; sourceTree = "<group>"; };
		50A4646A23A710F7000D562D /* Cube.swift */ = {isa = PBXFileReference; lastKnownFileType = sourcecode.swift; path = Cube.swift; sourceTree = "<group>"; };
		50A4646C23A712D4000D562D /* DepthStencilStateLibrary.swift */ = {isa = PBXFileReference; lastKnownFileType = sourcecode.swift; path = DepthStencilStateLibrary.swift; sourceTree = "<group>"; };
		50A4646F23A7B876000D562D /* ColourUtil.swift */ = {isa = PBXFileReference; lastKnownFileType = sourcecode.swift; path = ColourUtil.swift; sourceTree = "<group>"; };
		50A4647123A7BF00000D562D /* InstancedGameObject.swift */ = {isa = PBXFileReference; lastKnownFileType = sourcecode.swift; path = InstancedGameObject.swift; sourceTree = "<group>"; };
		50A4647323A7C598000D562D /* CubeCollection.swift */ = {isa = PBXFileReference; lastKnownFileType = sourcecode.swift; path = CubeCollection.swift; sourceTree = "<group>"; };
		50BC8EB223A53FA6003544A5 /* VertexDescriptorLibrary.swift */ = {isa = PBXFileReference; lastKnownFileType = sourcecode.swift; path = VertexDescriptorLibrary.swift; sourceTree = "<group>"; };
		50BC8EB623A545BF003544A5 /* RenderPipelineStateLibrary.swift */ = {isa = PBXFileReference; lastKnownFileType = sourcecode.swift; path = RenderPipelineStateLibrary.swift; sourceTree = "<group>"; };
		50BC8EB923A669A8003544A5 /* GameObject.swift */ = {isa = PBXFileReference; lastKnownFileType = sourcecode.swift; path = GameObject.swift; sourceTree = "<group>"; };
		50BC8EBB23A66B60003544A5 /* Renderer.swift */ = {isa = PBXFileReference; lastKnownFileType = sourcecode.swift; path = Renderer.swift; sourceTree = "<group>"; };
		50BC8EBD23A670ED003544A5 /* MeshLibrary.swift */ = {isa = PBXFileReference; lastKnownFileType = sourcecode.swift; path = MeshLibrary.swift; sourceTree = "<group>"; };
		50BC8EBF23A67479003544A5 /* Pointer.swift */ = {isa = PBXFileReference; lastKnownFileType = sourcecode.swift; path = Pointer.swift; sourceTree = "<group>"; };
		50BC8EC123A67591003544A5 /* Node.swift */ = {isa = PBXFileReference; lastKnownFileType = sourcecode.swift; path = Node.swift; sourceTree = "<group>"; };
		50BC8EC423A6771B003544A5 /* Renderable.swift */ = {isa = PBXFileReference; lastKnownFileType = sourcecode.swift; path = Renderable.swift; sourceTree = "<group>"; };
		50BC8EC823A6AAF9003544A5 /* Maths.swift */ = {isa = PBXFileReference; lastKnownFileType = sourcecode.swift; path = Maths.swift; sourceTree = "<group>"; };
		50BC8ECB23A6B5D6003544A5 /* Scene.swift */ = {isa = PBXFileReference; lastKnownFileType = sourcecode.swift; path = Scene.swift; sourceTree = "<group>"; };
		50BC8ECD23A6BBCF003544A5 /* SandboxScene.swift */ = {isa = PBXFileReference; lastKnownFileType = sourcecode.swift; path = SandboxScene.swift; sourceTree = "<group>"; };
		50BC8ED023A6BD65003544A5 /* SceneManager.swift */ = {isa = PBXFileReference; lastKnownFileType = sourcecode.swift; path = SceneManager.swift; sourceTree = "<group>"; };
		50BEE123240C2BB700DCCCD3 /* WaterShaders.metal */ = {isa = PBXFileReference; lastKnownFileType = sourcecode.metal; path = WaterShaders.metal; sourceTree = "<group>"; };
		50BEE125240C2EE100DCCCD3 /* WaterQuad.swift */ = {isa = PBXFileReference; lastKnownFileType = sourcecode.swift; path = WaterQuad.swift; sourceTree = "<group>"; };
		50C94CFD240BF2FD00A56AD8 /* TerrainScene.swift */ = {isa = PBXFileReference; lastKnownFileType = sourcecode.swift; path = TerrainScene.swift; sourceTree = "<group>"; };
		50DABBF623BA77D400E95FDE /* DefaultScene.swift */ = {isa = PBXFileReference; lastKnownFileType = sourcecode.swift; path = DefaultScene.swift; sourceTree = "<group>"; };
		50DABBF823BA7D2C00E95FDE /* Plane.swift */ = {isa = PBXFileReference; lastKnownFileType = sourcecode.swift; path = Plane.swift; sourceTree = "<group>"; };
		50DABBFB23BAA0D200E95FDE /* Noise.swift */ = {isa = PBXFileReference; lastKnownFileType = sourcecode.swift; path = Noise.swift; sourceTree = "<group>"; };
		50DABBFF23BAAA1000E95FDE /* MapGenerator.swift */ = {isa = PBXFileReference; fileEncoding = 4; lastKnownFileType = sourcecode.swift; path = MapGenerator.swift; sourceTree = "<group>"; };
		50DABC0323BBBE6400E95FDE /* ImprovedPerlin.swift */ = {isa = PBXFileReference; lastKnownFileType = sourcecode.swift; path = ImprovedPerlin.swift; sourceTree = "<group>"; };
/* End PBXFileReference section */

/* Begin PBXFrameworksBuildPhase section */
		503479E3242FA6DA006A695D /* Frameworks */ = {
			isa = PBXFrameworksBuildPhase;
			buildActionMask = 2147483647;
			files = (
			);
			runOnlyForDeploymentPostprocessing = 0;
		};
		505D1A2C23A2F4E800813A05 /* Frameworks */ = {
			isa = PBXFrameworksBuildPhase;
			buildActionMask = 2147483647;
			files = (
			);
			runOnlyForDeploymentPostprocessing = 0;
		};
/* End PBXFrameworksBuildPhase section */

/* Begin PBXGroup section */
		50215E1823A7E38B00B0C166 /* Graphics */ = {
			isa = PBXGroup;
			children = (
				50215E1C23A7E42B00B0C166 /* Graphics.swift */,
				50215E1B23A7E3F300B0C166 /* Libraries */,
				50215E2923A7F16C00B0C166 /* Shaders */,
			);
			path = Graphics;
			sourceTree = "<group>";
		};
		50215E1923A7E39600B0C166 /* Entities */ = {
			isa = PBXGroup;
			children = (
				50215E1E23A7E43B00B0C166 /* Entities.swift */,
				50215E1A23A7E3E900B0C166 /* Libraries */,
			);
			path = Entities;
			sourceTree = "<group>";
		};
		50215E1A23A7E3E900B0C166 /* Libraries */ = {
			isa = PBXGroup;
			children = (
				50BC8EBD23A670ED003544A5 /* MeshLibrary.swift */,
				50215E3723A80D0E00B0C166 /* TextureLibrary.swift */,
			);
			path = Libraries;
			sourceTree = "<group>";
		};
		50215E1B23A7E3F300B0C166 /* Libraries */ = {
			isa = PBXGroup;
			children = (
				503B90DB23AF9C4800F30DBE /* ShaderLibrary.swift */,
				50BC8EB223A53FA6003544A5 /* VertexDescriptorLibrary.swift */,
				50BC8EB623A545BF003544A5 /* RenderPipelineStateLibrary.swift */,
				50A4646C23A712D4000D562D /* DepthStencilStateLibrary.swift */,
				50215E3923A8111800B0C166 /* SamplerStateLibrary.swift */,
			);
			path = Libraries;
			sourceTree = "<group>";
		};
		50215E2023A7E55300B0C166 /* Types */ = {
			isa = PBXGroup;
			children = (
				505D1A6323A313B100813A05 /* MetalTypes.swift */,
				50215E2123A7E5A300B0C166 /* Library.swift */,
			);
			path = Types;
			sourceTree = "<group>";
		};
		50215E2923A7F16C00B0C166 /* Shaders */ = {
			isa = PBXGroup;
			children = (
				50215E2A23A7F19400B0C166 /* Shared.metal */,
				50215E2C23A7F1C400B0C166 /* BasicShaders.metal */,
				50215E2E23A7F20700B0C166 /* InstancedShaders.metal */,
				503B90DD23AFCA7600F30DBE /* Lighting.metal */,
				50BEE123240C2BB700DCCCD3 /* WaterShaders.metal */,
				505092B12410665A005EE0F5 /* SkyBoxShaders.metal */,
				5069B0182414190E00B062EB /* TerrainShaders.metal */,
			);
			path = Shaders;
			sourceTree = "<group>";
		};
		50215E3423A80B2100B0C166 /* Res */ = {
			isa = PBXGroup;
			children = (
				5006CDD8242FB57E00AF58A7 /* PartyPirateParot.png */,
				5069B01A24142BDD00B062EB /* terrain */,
				5095227A2413E45D00124D30 /* skybox */,
				509C9367240DD25B00500CA7 /* waterNormalMap.png */,
				509C9365240DD25200500CA7 /* waterDUDV.png */,
				50215E4C23A8365900B0C166 /* sphere.obj */,
				50215E3D23A824F200B0C166 /* cruiser */,
			);
			path = Res;
			sourceTree = "<group>";
		};
		50215E3D23A824F200B0C166 /* cruiser */ = {
			isa = PBXGroup;
			children = (
				50215E3F23A8250700B0C166 /* cruiser.bmp */,
				50215E4023A8250700B0C166 /* cruiser.mtl */,
				50215E3E23A8250700B0C166 /* cruiser.obj */,
			);
			path = cruiser;
			sourceTree = "<group>";
		};
		503479E7242FA6DA006A695D /* Game Engine-iOS */ = {
			isa = PBXGroup;
			children = (
				503479E8242FA6DA006A695D /* AppDelegate.swift */,
				503479EA242FA6DA006A695D /* SceneDelegate.swift */,
				503479EC242FA6DA006A695D /* GameView.swift */,
				503479EE242FA6DA006A695D /* Main.storyboard */,
				503479F1242FA6DC006A695D /* Assets.xcassets */,
				503479F3242FA6DC006A695D /* LaunchScreen.storyboard */,
				503479F6242FA6DC006A695D /* Info.plist */,
			);
			path = "Game Engine-iOS";
			sourceTree = "<group>";
		};
		505D1A2623A2F4E800813A05 = {
			isa = PBXGroup;
			children = (
				505D1A3123A2F4E800813A05 /* Game Engine */,
				505D1A3023A2F4E800813A05 /* Products */,
			);
			sourceTree = "<group>";
		};
		505D1A3023A2F4E800813A05 /* Products */ = {
			isa = PBXGroup;
			children = (
				505D1A2F23A2F4E800813A05 /* Game Engine-macOS.app */,
				503479E6242FA6DA006A695D /* Game Engine-iOS.app */,
			);
			name = Products;
			sourceTree = "<group>";
		};
		505D1A3123A2F4E800813A05 /* Game Engine */ = {
			isa = PBXGroup;
			children = (
				505D1A6523A3819700813A05 /* Core */,
				50215E1923A7E39600B0C166 /* Entities */,
				50215E1823A7E38B00B0C166 /* Graphics */,
				50BC8ECF23A6BD55003544A5 /* Managers */,
				50BC8EB823A66979003544A5 /* GameShiz */,
				505D1A6823A381B600813A05 /* Display */,
				505D1A5E23A2FA2C00813A05 /* Game Engine-macOS */,
				503479E7242FA6DA006A695D /* Game Engine-iOS */,
			);
			path = "Game Engine";
			sourceTree = "<group>";
		};
		505D1A5E23A2FA2C00813A05 /* Game Engine-macOS */ = {
			isa = PBXGroup;
			children = (
				505D1A5F23A2FCCF00813A05 /* GameView.swift */,
				505D1A3823A2F4EA00813A05 /* Main.storyboard */,
				505D1A3223A2F4E800813A05 /* AppDelegate.swift */,
				505D1A3623A2F4EA00813A05 /* Assets.xcassets */,
				505D1A3B23A2F4EA00813A05 /* Info.plist */,
				505D1A3C23A2F4EA00813A05 /* Game_Engine.entitlements */,
			);
			path = "Game Engine-macOS";
			sourceTree = "<group>";
		};
		505D1A6523A3819700813A05 /* Core */ = {
			isa = PBXGroup;
			children = (
				505D1A6923A382D200813A05 /* Engine.swift */,
				50215E3023A7F27500B0C166 /* GameTime.swift */,
				505D1A6B23A3842C00813A05 /* Preferences.swift */,
				50215E2023A7E55300B0C166 /* Types */,
				5067174823A6C89500C31239 /* Input */,
				50BC8EC723A6AAE7003544A5 /* Maths */,
				50A4646E23A7B860000D562D /* Utils */,
				50215E3423A80B2100B0C166 /* Res */,
			);
			path = Core;
			sourceTree = "<group>";
		};
		505D1A6823A381B600813A05 /* Display */ = {
			isa = PBXGroup;
			children = (
				50BC8EBB23A66B60003544A5 /* Renderer.swift */,
			);
			path = Display;
			sourceTree = "<group>";
		};
		5067174823A6C89500C31239 /* Input */ = {
			isa = PBXGroup;
			children = (
				5067174923A6C8A500C31239 /* Keyboard.swift */,
				5067174B23A6C9BE00C31239 /* Keycodes.swift */,
				5067174D23A6CC5700C31239 /* Mouse.swift */,
				5092159A2430DAC100725048 /* Controller.swift */,
			);
			path = Input;
			sourceTree = "<group>";
		};
		5069B01A24142BDD00B062EB /* terrain */ = {
			isa = PBXGroup;
			children = (
				5069B02024142EFD00B062EB /* Grass.png */,
				5069B01D24142EFD00B062EB /* Rocks 1.png */,
				5069B02124142EFD00B062EB /* Rocks 2.png */,
				5069B01B24142EFD00B062EB /* Sandy grass.png */,
				5069B01E24142EFD00B062EB /* Snow.png */,
				5069B01F24142EFD00B062EB /* Stony ground.png */,
				5069B01C24142EFD00B062EB /* Water.png */,
			);
			path = terrain;
			sourceTree = "<group>";
		};
		5095227A2413E45D00124D30 /* skybox */ = {
			isa = PBXGroup;
			children = (
				509522872413E6D000124D30 /* up.png */,
				5095227B2413E46600124D30 /* back.png */,
				5095227D2413E46600124D30 /* down.png */,
				5095227E2413E46600124D30 /* front.png */,
				5095227C2413E46600124D30 /* left.png */,
				5095227F2413E46600124D30 /* right.png */,
			);
			path = skybox;
			sourceTree = "<group>";
		};
		50A4646323A704C1000D562D /* Cameras */ = {
			isa = PBXGroup;
			children = (
				50A4646423A704D7000D562D /* Camera.swift */,
				50A4646623A705B9000D562D /* DebugCamera.swift */,
			);
			path = Cameras;
			sourceTree = "<group>";
		};
		50A4646E23A7B860000D562D /* Utils */ = {
			isa = PBXGroup;
			children = (
				50A4646F23A7B876000D562D /* ColourUtil.swift */,
			);
			path = Utils;
			sourceTree = "<group>";
		};
		50BC8EB823A66979003544A5 /* GameShiz */ = {
			isa = PBXGroup;
			children = (
				50BC8EC123A67591003544A5 /* Node.swift */,
				50DABBFA23BAA02C00E95FDE /* Scripts */,
				50BC8ECA23A6B5C7003544A5 /* Scenes */,
				50BC8EC623A6784E003544A5 /* GameObjects */,
				50A4646323A704C1000D562D /* Cameras */,
				50BC8EC323A676FF003544A5 /* Protocols */,
			);
			path = GameShiz;
			sourceTree = "<group>";
		};
		50BC8EC323A676FF003544A5 /* Protocols */ = {
			isa = PBXGroup;
			children = (
				50BC8EC423A6771B003544A5 /* Renderable.swift */,
			);
			path = Protocols;
			sourceTree = "<group>";
		};
		50BC8EC623A6784E003544A5 /* GameObjects */ = {
			isa = PBXGroup;
			children = (
				50BC8EB923A669A8003544A5 /* GameObject.swift */,
				50A4647123A7BF00000D562D /* InstancedGameObject.swift */,
				50BC8EBF23A67479003544A5 /* Pointer.swift */,
				50A4646A23A710F7000D562D /* Cube.swift */,
				50A4647323A7C598000D562D /* CubeCollection.swift */,
				50215E3223A7FB2900B0C166 /* Quad.swift */,
				50215E4423A82A0300B0C166 /* Cruiser.swift */,
				50215E4623A8325C00B0C166 /* LightObject.swift */,
				50215E4A23A8355B00B0C166 /* Sun.swift */,
				50DABBF823BA7D2C00E95FDE /* Plane.swift */,
				50BEE125240C2EE100DCCCD3 /* WaterQuad.swift */,
				505092AF241065C5005EE0F5 /* SkyBox.swift */,
				50A0465C241077CE00B6E474 /* Water.swift */,
				5069B016241417AB00B062EB /* Terrain.swift */,
			);
			path = GameObjects;
			sourceTree = "<group>";
		};
		50BC8EC723A6AAE7003544A5 /* Maths */ = {
			isa = PBXGroup;
			children = (
				50BC8EC823A6AAF9003544A5 /* Maths.swift */,
			);
			path = Maths;
			sourceTree = "<group>";
		};
		50BC8ECA23A6B5C7003544A5 /* Scenes */ = {
			isa = PBXGroup;
			children = (
				50BC8ECB23A6B5D6003544A5 /* Scene.swift */,
				50BC8ECD23A6BBCF003544A5 /* SandboxScene.swift */,
				50DABBF623BA77D400E95FDE /* DefaultScene.swift */,
				50C94CFD240BF2FD00A56AD8 /* TerrainScene.swift */,
			);
			path = Scenes;
			sourceTree = "<group>";
		};
		50BC8ECF23A6BD55003544A5 /* Managers */ = {
			isa = PBXGroup;
			children = (
				50BC8ED023A6BD65003544A5 /* SceneManager.swift */,
				50A4646823A707F5000D562D /* CameraManager.swift */,
				50215E4823A8337200B0C166 /* LightManager.swift */,
			);
			path = Managers;
			sourceTree = "<group>";
		};
		50DABBFA23BAA02C00E95FDE /* Scripts */ = {
			isa = PBXGroup;
			children = (
				50DABBFF23BAAA1000E95FDE /* MapGenerator.swift */,
				50DABBFB23BAA0D200E95FDE /* Noise.swift */,
				50DABC0323BBBE6400E95FDE /* ImprovedPerlin.swift */,
				5057803923BC21BD0088F513 /* SeededRandom.swift */,
				508502EA2402EF03002ADFB1 /* EndlessTerrain.swift */,
			);
			path = Scripts;
			sourceTree = "<group>";
		};
/* End PBXGroup section */

/* Begin PBXNativeTarget section */
		503479E5242FA6DA006A695D /* Game Engine-iOS */ = {
			isa = PBXNativeTarget;
			buildConfigurationList = 503479F7242FA6DC006A695D /* Build configuration list for PBXNativeTarget "Game Engine-iOS" */;
			buildPhases = (
				503479E2242FA6DA006A695D /* Sources */,
				503479E3242FA6DA006A695D /* Frameworks */,
				503479E4242FA6DA006A695D /* Resources */,
			);
			buildRules = (
			);
			dependencies = (
			);
			name = "Game Engine-iOS";
			productName = "Game Engine-iOS";
			productReference = 503479E6242FA6DA006A695D /* Game Engine-iOS.app */;
			productType = "com.apple.product-type.application";
		};
		505D1A2E23A2F4E800813A05 /* Game Engine-macOS */ = {
			isa = PBXNativeTarget;
			buildConfigurationList = 505D1A5523A2F4EB00813A05 /* Build configuration list for PBXNativeTarget "Game Engine-macOS" */;
			buildPhases = (
				505D1A2B23A2F4E800813A05 /* Sources */,
				505D1A2C23A2F4E800813A05 /* Frameworks */,
				505D1A2D23A2F4E800813A05 /* Resources */,
			);
			buildRules = (
			);
			dependencies = (
			);
			name = "Game Engine-macOS";
			productName = "Game Engine";
			productReference = 505D1A2F23A2F4E800813A05 /* Game Engine-macOS.app */;
			productType = "com.apple.product-type.application";
		};
/* End PBXNativeTarget section */

/* Begin PBXProject section */
		505D1A2723A2F4E800813A05 /* Project object */ = {
			isa = PBXProject;
			attributes = {
				LastSwiftUpdateCheck = 1140;
				LastUpgradeCheck = 1130;
				ORGANIZATIONNAME = "Max Taylor";
				TargetAttributes = {
					503479E5242FA6DA006A695D = {
						CreatedOnToolsVersion = 11.4;
					};
					505D1A2E23A2F4E800813A05 = {
						CreatedOnToolsVersion = 11.3;
					};
				};
			};
			buildConfigurationList = 505D1A2A23A2F4E800813A05 /* Build configuration list for PBXProject "Game Engine" */;
			compatibilityVersion = "Xcode 9.3";
			developmentRegion = en;
			hasScannedForEncodings = 0;
			knownRegions = (
				en,
				Base,
			);
			mainGroup = 505D1A2623A2F4E800813A05;
			productRefGroup = 505D1A3023A2F4E800813A05 /* Products */;
			projectDirPath = "";
			projectRoot = "";
			targets = (
				505D1A2E23A2F4E800813A05 /* Game Engine-macOS */,
				503479E5242FA6DA006A695D /* Game Engine-iOS */,
			);
		};
/* End PBXProject section */

/* Begin PBXResourcesBuildPhase section */
		503479E4242FA6DA006A695D /* Resources */ = {
			isa = PBXResourcesBuildPhase;
			buildActionMask = 2147483647;
			files = (
				50347A04242FA96F006A695D /* Grass.png in Resources */,
				5006CDDA242FB57E00AF58A7 /* PartyPirateParot.png in Resources */,
				50347A17242FA980006A695D /* cruiser.obj in Resources */,
				50347A0A242FA96F006A695D /* Water.png in Resources */,
				503479F5242FA6DC006A695D /* LaunchScreen.storyboard in Resources */,
				50347A0D242FA974006A695D /* down.png in Resources */,
				50347A12242FA979006A695D /* waterDUDV.png in Resources */,
				50347A08242FA96F006A695D /* Snow.png in Resources */,
				50347A06242FA96F006A695D /* Rocks 2.png in Resources */,
				50347A09242FA96F006A695D /* Stony ground.png in Resources */,
				50347A13242FA979006A695D /* sphere.obj in Resources */,
				503479F2242FA6DC006A695D /* Assets.xcassets in Resources */,
				50347A16242FA980006A695D /* cruiser.mtl in Resources */,
				50347A0B242FA974006A695D /* up.png in Resources */,
				50347A0E242FA974006A695D /* front.png in Resources */,
				50347A10242FA974006A695D /* right.png in Resources */,
				50347A0C242FA974006A695D /* back.png in Resources */,
				50347A0F242FA974006A695D /* left.png in Resources */,
				50347A07242FA96F006A695D /* Sandy grass.png in Resources */,
				503479F0242FA6DA006A695D /* Main.storyboard in Resources */,
				50347A11242FA979006A695D /* waterNormalMap.png in Resources */,
				50347A05242FA96F006A695D /* Rocks 1.png in Resources */,
				50347A15242FA980006A695D /* cruiser.bmp in Resources */,
			);
			runOnlyForDeploymentPostprocessing = 0;
		};
		505D1A2D23A2F4E800813A05 /* Resources */ = {
			isa = PBXResourcesBuildPhase;
			buildActionMask = 2147483647;
			files = (
				5069B02824142EFD00B062EB /* Rocks 2.png in Resources */,
				509522882413E6D000124D30 /* up.png in Resources */,
				5069B02324142EFD00B062EB /* Water.png in Resources */,
				5069B02224142EFD00B062EB /* Sandy grass.png in Resources */,
				509522822413E46700124D30 /* left.png in Resources */,
				50215E4D23A8365900B0C166 /* sphere.obj in Resources */,
				50215E4123A8250700B0C166 /* cruiser.obj in Resources */,
				505D1A3723A2F4EA00813A05 /* Assets.xcassets in Resources */,
				50215E4323A8250700B0C166 /* cruiser.mtl in Resources */,
				505D1A3A23A2F4EA00813A05 /* Main.storyboard in Resources */,
				509522852413E46700124D30 /* right.png in Resources */,
				5069B02724142EFD00B062EB /* Grass.png in Resources */,
				5006CDD9242FB57E00AF58A7 /* PartyPirateParot.png in Resources */,
				5069B02524142EFD00B062EB /* Snow.png in Resources */,
				509522812413E46700124D30 /* back.png in Resources */,
				50215E4223A8250700B0C166 /* cruiser.bmp in Resources */,
				509522842413E46700124D30 /* front.png in Resources */,
				5069B02624142EFD00B062EB /* Stony ground.png in Resources */,
				509C9368240DD25B00500CA7 /* waterNormalMap.png in Resources */,
				509C9366240DD25200500CA7 /* waterDUDV.png in Resources */,
				509522832413E46700124D30 /* down.png in Resources */,
				5069B02424142EFD00B062EB /* Rocks 1.png in Resources */,
			);
			runOnlyForDeploymentPostprocessing = 0;
		};
/* End PBXResourcesBuildPhase section */

/* Begin PBXSourcesBuildPhase section */
		503479E2242FA6DA006A695D /* Sources */ = {
			isa = PBXSourcesBuildPhase;
			buildActionMask = 2147483647;
			files = (
				50347A00242FA946006A695D /* Keycodes.swift in Sources */,
				503479ED242FA6DA006A695D /* GameView.swift in Sources */,
				50347A42242FAF17006A695D /* InstancedShaders.metal in Sources */,
				503479FA242FA939006A695D /* Engine.swift in Sources */,
				50347A1B242FA9E7006A695D /* Graphics.swift in Sources */,
				50347A40242FAF17006A695D /* Shared.metal in Sources */,
				503479FD242FA942006A695D /* MetalTypes.swift in Sources */,
				50347A24242FA9F4006A695D /* Node.swift in Sources */,
				50347A39242FAA01006A695D /* SkyBox.swift in Sources */,
				50347A2D242FA9FC006A695D /* TerrainScene.swift in Sources */,
				50347A34242FAA01006A695D /* Cruiser.swift in Sources */,
				50347A38242FAA01006A695D /* WaterQuad.swift in Sources */,
				50347A23242FA9F0006A695D /* LightManager.swift in Sources */,
				50347A3E242FAA09006A695D /* Renderable.swift in Sources */,
				50347A18242FA987006A695D /* MeshLibrary.swift in Sources */,
				50347A35242FAA01006A695D /* LightObject.swift in Sources */,
				50347A26242FA9F8006A695D /* Noise.swift in Sources */,
				50347A33242FAA01006A695D /* Quad.swift in Sources */,
				50347A1D242FA9EA006A695D /* VertexDescriptorLibrary.swift in Sources */,
				50347A36242FAA01006A695D /* Sun.swift in Sources */,
				503479FC242FA939006A695D /* Preferences.swift in Sources */,
				50347A29242FA9F8006A695D /* EndlessTerrain.swift in Sources */,
				50347A2F242FAA01006A695D /* InstancedGameObject.swift in Sources */,
				503479FF242FA946006A695D /* Keyboard.swift in Sources */,
				503479FB242FA939006A695D /* GameTime.swift in Sources */,
				50347A27242FA9F8006A695D /* ImprovedPerlin.swift in Sources */,
				50347A22242FA9F0006A695D /* CameraManager.swift in Sources */,
				50347A02242FA960006A695D /* Maths.swift in Sources */,
				50347A3A242FAA01006A695D /* Water.swift in Sources */,
				50347A1C242FA9EA006A695D /* ShaderLibrary.swift in Sources */,
				50347A31242FAA01006A695D /* Cube.swift in Sources */,
				50347A2C242FA9FC006A695D /* DefaultScene.swift in Sources */,
				50347A44242FAF17006A695D /* WaterShaders.metal in Sources */,
				50347A3B242FAA01006A695D /* Terrain.swift in Sources */,
				50347A2E242FAA01006A695D /* GameObject.swift in Sources */,
				50347A01242FA946006A695D /* Mouse.swift in Sources */,
				50347A46242FAF17006A695D /* TerrainShaders.metal in Sources */,
				50347A28242FA9F8006A695D /* SeededRandom.swift in Sources */,
				50347A2A242FA9FC006A695D /* Scene.swift in Sources */,
				50347A19242FA987006A695D /* TextureLibrary.swift in Sources */,
				50347A1F242FA9EA006A695D /* DepthStencilStateLibrary.swift in Sources */,
				50347A1E242FA9EA006A695D /* RenderPipelineStateLibrary.swift in Sources */,
				50347A21242FA9F0006A695D /* SceneManager.swift in Sources */,
				50347A41242FAF17006A695D /* BasicShaders.metal in Sources */,
				50347A3D242FAA06006A695D /* DebugCamera.swift in Sources */,
				50347A20242FA9EA006A695D /* SamplerStateLibrary.swift in Sources */,
				50347A3F242FAA25006A695D /* Renderer.swift in Sources */,
				50347A43242FAF17006A695D /* Lighting.metal in Sources */,
				503479FE242FA942006A695D /* Library.swift in Sources */,
				50347A45242FAF17006A695D /* SkyBoxShaders.metal in Sources */,
				5092159C2430E49500725048 /* Controller.swift in Sources */,
				50347A30242FAA01006A695D /* Pointer.swift in Sources */,
				50347A37242FAA01006A695D /* Plane.swift in Sources */,
				503479E9242FA6DA006A695D /* AppDelegate.swift in Sources */,
				50347A32242FAA01006A695D /* CubeCollection.swift in Sources */,
				50347A2B242FA9FC006A695D /* SandboxScene.swift in Sources */,
				50347A25242FA9F8006A695D /* MapGenerator.swift in Sources */,
				50347A3C242FAA06006A695D /* Camera.swift in Sources */,
				50347A03242FA964006A695D /* ColourUtil.swift in Sources */,
				50347A1A242FA989006A695D /* Entities.swift in Sources */,
				503479EB242FA6DA006A695D /* SceneDelegate.swift in Sources */,
			);
			runOnlyForDeploymentPostprocessing = 0;
		};
		505D1A2B23A2F4E800813A05 /* Sources */ = {
			isa = PBXSourcesBuildPhase;
			buildActionMask = 2147483647;
			files = (
				50BC8ECE23A6BBCF003544A5 /* SandboxScene.swift in Sources */,
				50BC8EBA23A669A8003544A5 /* GameObject.swift in Sources */,
				50DABC0023BAAA1000E95FDE /* MapGenerator.swift in Sources */,
				505092B0241065C5005EE0F5 /* SkyBox.swift in Sources */,
				50BC8ED123A6BD65003544A5 /* SceneManager.swift in Sources */,
				50A4647023A7B876000D562D /* ColourUtil.swift in Sources */,
				50215E2D23A7F1C400B0C166 /* BasicShaders.metal in Sources */,
				505D1A6023A2FCCF00813A05 /* GameView.swift in Sources */,
				50215E3A23A8111800B0C166 /* SamplerStateLibrary.swift in Sources */,
				50BC8EB323A53FA6003544A5 /* VertexDescriptorLibrary.swift in Sources */,
				50DABBF723BA77D400E95FDE /* DefaultScene.swift in Sources */,
				50BC8EC023A67479003544A5 /* Pointer.swift in Sources */,
				503B90DE23AFCA7600F30DBE /* Lighting.metal in Sources */,
				50BC8EBC23A66B60003544A5 /* Renderer.swift in Sources */,
				50DABC0423BBBE6400E95FDE /* ImprovedPerlin.swift in Sources */,
				5092159B2430DAC100725048 /* Controller.swift in Sources */,
				508502EB2402EF03002ADFB1 /* EndlessTerrain.swift in Sources */,
				50BEE126240C2EE100DCCCD3 /* WaterQuad.swift in Sources */,
				50DABBF923BA7D2C00E95FDE /* Plane.swift in Sources */,
				50A4646523A704D7000D562D /* Camera.swift in Sources */,
				50215E2F23A7F20700B0C166 /* InstancedShaders.metal in Sources */,
				5067174C23A6C9BE00C31239 /* Keycodes.swift in Sources */,
				50BC8EC223A67591003544A5 /* Node.swift in Sources */,
				505092B22410665A005EE0F5 /* SkyBoxShaders.metal in Sources */,
				505D1A6C23A3842C00813A05 /* Preferences.swift in Sources */,
				50215E4523A82A0300B0C166 /* Cruiser.swift in Sources */,
				503B90DC23AF9C4800F30DBE /* ShaderLibrary.swift in Sources */,
				50BC8ECC23A6B5D6003544A5 /* Scene.swift in Sources */,
				50215E2B23A7F19400B0C166 /* Shared.metal in Sources */,
				50BC8EB723A545BF003544A5 /* RenderPipelineStateLibrary.swift in Sources */,
				50A4646D23A712D4000D562D /* DepthStencilStateLibrary.swift in Sources */,
				50A4647423A7C598000D562D /* CubeCollection.swift in Sources */,
				50215E4B23A8355B00B0C166 /* Sun.swift in Sources */,
				50215E2223A7E5A300B0C166 /* Library.swift in Sources */,
				50215E4723A8325C00B0C166 /* LightObject.swift in Sources */,
				50215E3823A80D0E00B0C166 /* TextureLibrary.swift in Sources */,
				50A4647223A7BF00000D562D /* InstancedGameObject.swift in Sources */,
				50A4646B23A710F7000D562D /* Cube.swift in Sources */,
				5069B017241417AB00B062EB /* Terrain.swift in Sources */,
				5069B0192414190E00B062EB /* TerrainShaders.metal in Sources */,
				50A4646923A707F5000D562D /* CameraManager.swift in Sources */,
				505D1A3323A2F4E800813A05 /* AppDelegate.swift in Sources */,
				50215E1F23A7E43B00B0C166 /* Entities.swift in Sources */,
				50C94CFE240BF2FD00A56AD8 /* TerrainScene.swift in Sources */,
				50215E4923A8337200B0C166 /* LightManager.swift in Sources */,
				505D1A6423A313B100813A05 /* MetalTypes.swift in Sources */,
				50BC8EBE23A670ED003544A5 /* MeshLibrary.swift in Sources */,
				5067174A23A6C8A500C31239 /* Keyboard.swift in Sources */,
				50BC8EC923A6AAF9003544A5 /* Maths.swift in Sources */,
				5057803A23BC21BD0088F513 /* SeededRandom.swift in Sources */,
				50215E3323A7FB2900B0C166 /* Quad.swift in Sources */,
				50215E1D23A7E42B00B0C166 /* Graphics.swift in Sources */,
				50A0465D241077CE00B6E474 /* Water.swift in Sources */,
				505D1A6A23A382D200813A05 /* Engine.swift in Sources */,
				50DABBFC23BAA0D200E95FDE /* Noise.swift in Sources */,
				50BEE124240C2BB700DCCCD3 /* WaterShaders.metal in Sources */,
				50BC8EC523A6771B003544A5 /* Renderable.swift in Sources */,
				50215E3123A7F27500B0C166 /* GameTime.swift in Sources */,
				5067174E23A6CC5700C31239 /* Mouse.swift in Sources */,
				50A4646723A705B9000D562D /* DebugCamera.swift in Sources */,
			);
			runOnlyForDeploymentPostprocessing = 0;
		};
/* End PBXSourcesBuildPhase section */

/* Begin PBXVariantGroup section */
		503479EE242FA6DA006A695D /* Main.storyboard */ = {
			isa = PBXVariantGroup;
			children = (
				503479EF242FA6DA006A695D /* Base */,
			);
			name = Main.storyboard;
			sourceTree = "<group>";
		};
		503479F3242FA6DC006A695D /* LaunchScreen.storyboard */ = {
			isa = PBXVariantGroup;
			children = (
				503479F4242FA6DC006A695D /* Base */,
			);
			name = LaunchScreen.storyboard;
			sourceTree = "<group>";
		};
		505D1A3823A2F4EA00813A05 /* Main.storyboard */ = {
			isa = PBXVariantGroup;
			children = (
				505D1A3923A2F4EA00813A05 /* Base */,
			);
			name = Main.storyboard;
			sourceTree = "<group>";
		};
/* End PBXVariantGroup section */

/* Begin XCBuildConfiguration section */
		503479F8242FA6DC006A695D /* Debug */ = {
			isa = XCBuildConfiguration;
			buildSettings = {
				ASSETCATALOG_COMPILER_APPICON_NAME = AppIcon;
				CODE_SIGN_STYLE = Automatic;
				DEVELOPMENT_TEAM = WR4MDQ7483;
				INFOPLIST_FILE = "Game Engine/Game Engine-iOS/Info.plist";
				IPHONEOS_DEPLOYMENT_TARGET = 13.4;
				LD_RUNPATH_SEARCH_PATHS = (
					"$(inherited)",
					"@executable_path/Frameworks",
				);
				PRODUCT_BUNDLE_IDENTIFIER = "com.techgreens.Game-Engine-iOS";
				PRODUCT_NAME = "$(TARGET_NAME)";
				SDKROOT = iphoneos;
				SWIFT_VERSION = 5.0;
				TARGETED_DEVICE_FAMILY = "1,2";
			};
			name = Debug;
		};
		503479F9242FA6DC006A695D /* Release */ = {
			isa = XCBuildConfiguration;
			buildSettings = {
				ASSETCATALOG_COMPILER_APPICON_NAME = AppIcon;
				CODE_SIGN_STYLE = Automatic;
				DEVELOPMENT_TEAM = WR4MDQ7483;
				INFOPLIST_FILE = "Game Engine/Game Engine-iOS/Info.plist";
				IPHONEOS_DEPLOYMENT_TARGET = 13.4;
				LD_RUNPATH_SEARCH_PATHS = (
					"$(inherited)",
					"@executable_path/Frameworks",
				);
				PRODUCT_BUNDLE_IDENTIFIER = "com.techgreens.Game-Engine-iOS";
				PRODUCT_NAME = "$(TARGET_NAME)";
				SDKROOT = iphoneos;
				SWIFT_VERSION = 5.0;
				TARGETED_DEVICE_FAMILY = "1,2";
				VALIDATE_PRODUCT = YES;
			};
			name = Release;
		};
		505D1A5323A2F4EB00813A05 /* Debug */ = {
			isa = XCBuildConfiguration;
			buildSettings = {
				ALWAYS_SEARCH_USER_PATHS = NO;
				CLANG_ANALYZER_NONNULL = YES;
				CLANG_ANALYZER_NUMBER_OBJECT_CONVERSION = YES_AGGRESSIVE;
				CLANG_CXX_LANGUAGE_STANDARD = "gnu++14";
				CLANG_CXX_LIBRARY = "libc++";
				CLANG_ENABLE_MODULES = YES;
				CLANG_ENABLE_OBJC_ARC = YES;
				CLANG_ENABLE_OBJC_WEAK = YES;
				CLANG_WARN_BLOCK_CAPTURE_AUTORELEASING = YES;
				CLANG_WARN_BOOL_CONVERSION = YES;
				CLANG_WARN_COMMA = YES;
				CLANG_WARN_CONSTANT_CONVERSION = YES;
				CLANG_WARN_DEPRECATED_OBJC_IMPLEMENTATIONS = YES;
				CLANG_WARN_DIRECT_OBJC_ISA_USAGE = YES_ERROR;
				CLANG_WARN_DOCUMENTATION_COMMENTS = YES;
				CLANG_WARN_EMPTY_BODY = YES;
				CLANG_WARN_ENUM_CONVERSION = YES;
				CLANG_WARN_INFINITE_RECURSION = YES;
				CLANG_WARN_INT_CONVERSION = YES;
				CLANG_WARN_NON_LITERAL_NULL_CONVERSION = YES;
				CLANG_WARN_OBJC_IMPLICIT_RETAIN_SELF = YES;
				CLANG_WARN_OBJC_LITERAL_CONVERSION = YES;
				CLANG_WARN_OBJC_ROOT_CLASS = YES_ERROR;
				CLANG_WARN_RANGE_LOOP_ANALYSIS = YES;
				CLANG_WARN_STRICT_PROTOTYPES = YES;
				CLANG_WARN_SUSPICIOUS_MOVE = YES;
				CLANG_WARN_UNGUARDED_AVAILABILITY = YES_AGGRESSIVE;
				CLANG_WARN_UNREACHABLE_CODE = YES;
				CLANG_WARN__DUPLICATE_METHOD_MATCH = YES;
				COPY_PHASE_STRIP = NO;
				DEBUG_INFORMATION_FORMAT = dwarf;
				ENABLE_STRICT_OBJC_MSGSEND = YES;
				ENABLE_TESTABILITY = YES;
				GCC_C_LANGUAGE_STANDARD = gnu11;
				GCC_DYNAMIC_NO_PIC = NO;
				GCC_NO_COMMON_BLOCKS = YES;
				GCC_OPTIMIZATION_LEVEL = 0;
				GCC_PREPROCESSOR_DEFINITIONS = (
					"DEBUG=1",
					"$(inherited)",
				);
				GCC_WARN_64_TO_32_BIT_CONVERSION = YES;
				GCC_WARN_ABOUT_RETURN_TYPE = YES_ERROR;
				GCC_WARN_UNDECLARED_SELECTOR = YES;
				GCC_WARN_UNINITIALIZED_AUTOS = YES_AGGRESSIVE;
				GCC_WARN_UNUSED_FUNCTION = YES;
				GCC_WARN_UNUSED_VARIABLE = YES;
				MACOSX_DEPLOYMENT_TARGET = 10.15;
				MTL_ENABLE_DEBUG_INFO = INCLUDE_SOURCE;
				MTL_FAST_MATH = YES;
				ONLY_ACTIVE_ARCH = YES;
				SDKROOT = macosx;
				SWIFT_ACTIVE_COMPILATION_CONDITIONS = DEBUG;
				SWIFT_OPTIMIZATION_LEVEL = "-Onone";
			};
			name = Debug;
		};
		505D1A5423A2F4EB00813A05 /* Release */ = {
			isa = XCBuildConfiguration;
			buildSettings = {
				ALWAYS_SEARCH_USER_PATHS = NO;
				CLANG_ANALYZER_NONNULL = YES;
				CLANG_ANALYZER_NUMBER_OBJECT_CONVERSION = YES_AGGRESSIVE;
				CLANG_CXX_LANGUAGE_STANDARD = "gnu++14";
				CLANG_CXX_LIBRARY = "libc++";
				CLANG_ENABLE_MODULES = YES;
				CLANG_ENABLE_OBJC_ARC = YES;
				CLANG_ENABLE_OBJC_WEAK = YES;
				CLANG_WARN_BLOCK_CAPTURE_AUTORELEASING = YES;
				CLANG_WARN_BOOL_CONVERSION = YES;
				CLANG_WARN_COMMA = YES;
				CLANG_WARN_CONSTANT_CONVERSION = YES;
				CLANG_WARN_DEPRECATED_OBJC_IMPLEMENTATIONS = YES;
				CLANG_WARN_DIRECT_OBJC_ISA_USAGE = YES_ERROR;
				CLANG_WARN_DOCUMENTATION_COMMENTS = YES;
				CLANG_WARN_EMPTY_BODY = YES;
				CLANG_WARN_ENUM_CONVERSION = YES;
				CLANG_WARN_INFINITE_RECURSION = YES;
				CLANG_WARN_INT_CONVERSION = YES;
				CLANG_WARN_NON_LITERAL_NULL_CONVERSION = YES;
				CLANG_WARN_OBJC_IMPLICIT_RETAIN_SELF = YES;
				CLANG_WARN_OBJC_LITERAL_CONVERSION = YES;
				CLANG_WARN_OBJC_ROOT_CLASS = YES_ERROR;
				CLANG_WARN_RANGE_LOOP_ANALYSIS = YES;
				CLANG_WARN_STRICT_PROTOTYPES = YES;
				CLANG_WARN_SUSPICIOUS_MOVE = YES;
				CLANG_WARN_UNGUARDED_AVAILABILITY = YES_AGGRESSIVE;
				CLANG_WARN_UNREACHABLE_CODE = YES;
				CLANG_WARN__DUPLICATE_METHOD_MATCH = YES;
				COPY_PHASE_STRIP = NO;
				DEBUG_INFORMATION_FORMAT = "dwarf-with-dsym";
				ENABLE_NS_ASSERTIONS = NO;
				ENABLE_STRICT_OBJC_MSGSEND = YES;
				GCC_C_LANGUAGE_STANDARD = gnu11;
				GCC_NO_COMMON_BLOCKS = YES;
				GCC_WARN_64_TO_32_BIT_CONVERSION = YES;
				GCC_WARN_ABOUT_RETURN_TYPE = YES_ERROR;
				GCC_WARN_UNDECLARED_SELECTOR = YES;
				GCC_WARN_UNINITIALIZED_AUTOS = YES_AGGRESSIVE;
				GCC_WARN_UNUSED_FUNCTION = YES;
				GCC_WARN_UNUSED_VARIABLE = YES;
				MACOSX_DEPLOYMENT_TARGET = 10.15;
				MTL_ENABLE_DEBUG_INFO = NO;
				MTL_FAST_MATH = YES;
				SDKROOT = macosx;
				SWIFT_COMPILATION_MODE = wholemodule;
				SWIFT_OPTIMIZATION_LEVEL = "-O";
			};
			name = Release;
		};
		505D1A5623A2F4EB00813A05 /* Debug */ = {
			isa = XCBuildConfiguration;
			buildSettings = {
				ASSETCATALOG_COMPILER_APPICON_NAME = AppIcon;
				CODE_SIGN_ENTITLEMENTS = "Game Engine/Game Engine-macOS/Game_Engine.entitlements";
				CODE_SIGN_STYLE = Automatic;
				COMBINE_HIDPI_IMAGES = YES;
				DEVELOPMENT_TEAM = WR4MDQ7483;
				ENABLE_HARDENED_RUNTIME = YES;
				INFOPLIST_FILE = "Game Engine/Game Engine-macOS/Info.plist";
				LD_RUNPATH_SEARCH_PATHS = (
					"$(inherited)",
					"@executable_path/../Frameworks",
				);
				PRODUCT_BUNDLE_IDENTIFIER = "com.techgreens.Game-Engine";
				PRODUCT_NAME = "$(TARGET_NAME)";
				SWIFT_VERSION = 5.0;
			};
			name = Debug;
		};
		505D1A5723A2F4EB00813A05 /* Release */ = {
			isa = XCBuildConfiguration;
			buildSettings = {
				ASSETCATALOG_COMPILER_APPICON_NAME = AppIcon;
				CODE_SIGN_ENTITLEMENTS = "Game Engine/Game Engine-macOS/Game_Engine.entitlements";
				CODE_SIGN_STYLE = Automatic;
				COMBINE_HIDPI_IMAGES = YES;
				DEVELOPMENT_TEAM = WR4MDQ7483;
				ENABLE_HARDENED_RUNTIME = YES;
				INFOPLIST_FILE = "Game Engine/Game Engine-macOS/Info.plist";
				LD_RUNPATH_SEARCH_PATHS = (
					"$(inherited)",
					"@executable_path/../Frameworks",
				);
				PRODUCT_BUNDLE_IDENTIFIER = "com.techgreens.Game-Engine";
				PRODUCT_NAME = "$(TARGET_NAME)";
				SWIFT_VERSION = 5.0;
			};
			name = Release;
		};
/* End XCBuildConfiguration section */

/* Begin XCConfigurationList section */
		503479F7242FA6DC006A695D /* Build configuration list for PBXNativeTarget "Game Engine-iOS" */ = {
			isa = XCConfigurationList;
			buildConfigurations = (
				503479F8242FA6DC006A695D /* Debug */,
				503479F9242FA6DC006A695D /* Release */,
			);
			defaultConfigurationIsVisible = 0;
			defaultConfigurationName = Release;
		};
		505D1A2A23A2F4E800813A05 /* Build configuration list for PBXProject "Game Engine" */ = {
			isa = XCConfigurationList;
			buildConfigurations = (
				505D1A5323A2F4EB00813A05 /* Debug */,
				505D1A5423A2F4EB00813A05 /* Release */,
			);
			defaultConfigurationIsVisible = 0;
			defaultConfigurationName = Release;
		};
		505D1A5523A2F4EB00813A05 /* Build configuration list for PBXNativeTarget "Game Engine-macOS" */ = {
			isa = XCConfigurationList;
			buildConfigurations = (
				505D1A5623A2F4EB00813A05 /* Debug */,
				505D1A5723A2F4EB00813A05 /* Release */,
			);
			defaultConfigurationIsVisible = 0;
			defaultConfigurationName = Release;
		};
/* End XCConfigurationList section */
	};
	rootObject = 505D1A2723A2F4E800813A05 /* Project object */;
}
